// !$*UTF8*$!
{
	archiveVersion = 1;
	classes = {
	};
	objectVersion = 46;
	objects = {

/* Begin PBXBuildFile section */
		866215B41DFFCA8E001F8366 /* AppDelegate.swift in Sources */ = {isa = PBXBuildFile; fileRef = 866215B31DFFCA8E001F8366 /* AppDelegate.swift */; };
		866215B61DFFCA8E001F8366 /* ViewController.swift in Sources */ = {isa = PBXBuildFile; fileRef = 866215B51DFFCA8E001F8366 /* ViewController.swift */; };
		866215B91DFFCA8E001F8366 /* Main.storyboard in Resources */ = {isa = PBXBuildFile; fileRef = 866215B71DFFCA8E001F8366 /* Main.storyboard */; };
		866215BB1DFFCA8E001F8366 /* Assets.xcassets in Resources */ = {isa = PBXBuildFile; fileRef = 866215BA1DFFCA8E001F8366 /* Assets.xcassets */; };
		866215BE1DFFCA8E001F8366 /* LaunchScreen.storyboard in Resources */ = {isa = PBXBuildFile; fileRef = 866215BC1DFFCA8E001F8366 /* LaunchScreen.storyboard */; };
		C88999D2E035A0054EBB3FD6 /* Pods_SwifterSwiftDemo.framework in Frameworks */ = {isa = PBXBuildFile; fileRef = 2157D97F2645AF57FA635929 /* Pods_SwifterSwiftDemo.framework */; };
/* End PBXBuildFile section */

/* Begin PBXFileReference section */
		2157D97F2645AF57FA635929 /* Pods_SwifterSwiftDemo.framework */ = {isa = PBXFileReference; explicitFileType = wrapper.framework; includeInIndex = 0; path = Pods_SwifterSwiftDemo.framework; sourceTree = BUILT_PRODUCTS_DIR; };
		552186465AD889A3F6581471 /* Pods-SwifterSwiftDemo.release.xcconfig */ = {isa = PBXFileReference; includeInIndex = 1; lastKnownFileType = text.xcconfig; name = "Pods-SwifterSwiftDemo.release.xcconfig"; path = "Pods/Target Support Files/Pods-SwifterSwiftDemo/Pods-SwifterSwiftDemo.release.xcconfig"; sourceTree = "<group>"; };
		866215B01DFFCA8E001F8366 /* SwifterSwiftDemo.app */ = {isa = PBXFileReference; explicitFileType = wrapper.application; includeInIndex = 0; path = SwifterSwiftDemo.app; sourceTree = BUILT_PRODUCTS_DIR; };
		866215B31DFFCA8E001F8366 /* AppDelegate.swift */ = {isa = PBXFileReference; lastKnownFileType = sourcecode.swift; path = AppDelegate.swift; sourceTree = "<group>"; };
		866215B51DFFCA8E001F8366 /* ViewController.swift */ = {isa = PBXFileReference; lastKnownFileType = sourcecode.swift; path = ViewController.swift; sourceTree = "<group>"; };
		866215B81DFFCA8E001F8366 /* Base */ = {isa = PBXFileReference; lastKnownFileType = file.storyboard; name = Base; path = Base.lproj/Main.storyboard; sourceTree = "<group>"; };
		866215BA1DFFCA8E001F8366 /* Assets.xcassets */ = {isa = PBXFileReference; lastKnownFileType = folder.assetcatalog; path = Assets.xcassets; sourceTree = "<group>"; };
		866215BD1DFFCA8E001F8366 /* Base */ = {isa = PBXFileReference; lastKnownFileType = file.storyboard; name = Base; path = Base.lproj/LaunchScreen.storyboard; sourceTree = "<group>"; };
		866215BF1DFFCA8E001F8366 /* Info.plist */ = {isa = PBXFileReference; lastKnownFileType = text.plist.xml; path = Info.plist; sourceTree = "<group>"; };
		8D27325BAA4340E3D6005CD4 /* Pods-SwifterSwiftDemo.debug.xcconfig */ = {isa = PBXFileReference; includeInIndex = 1; lastKnownFileType = text.xcconfig; name = "Pods-SwifterSwiftDemo.debug.xcconfig"; path = "Pods/Target Support Files/Pods-SwifterSwiftDemo/Pods-SwifterSwiftDemo.debug.xcconfig"; sourceTree = "<group>"; };
/* End PBXFileReference section */

/* Begin PBXFrameworksBuildPhase section */
		866215AD1DFFCA8E001F8366 /* Frameworks */ = {
			isa = PBXFrameworksBuildPhase;
			buildActionMask = 2147483647;
			files = (
				C88999D2E035A0054EBB3FD6 /* Pods_SwifterSwiftDemo.framework in Frameworks */,
			);
			runOnlyForDeploymentPostprocessing = 0;
		};
/* End PBXFrameworksBuildPhase section */

/* Begin PBXGroup section */
		318A23BAF904798C25188D83 /* Pods */ = {
			isa = PBXGroup;
			children = (
				8D27325BAA4340E3D6005CD4 /* Pods-SwifterSwiftDemo.debug.xcconfig */,
				552186465AD889A3F6581471 /* Pods-SwifterSwiftDemo.release.xcconfig */,
			);
			name = Pods;
			sourceTree = "<group>";
		};
		7A7E0A5A96A0C9FDFC405399 /* Frameworks */ = {
			isa = PBXGroup;
			children = (
				2157D97F2645AF57FA635929 /* Pods_SwifterSwiftDemo.framework */,
			);
			name = Frameworks;
			sourceTree = "<group>";
		};
		866215A71DFFCA8E001F8366 = {
			isa = PBXGroup;
			children = (
				866215B21DFFCA8E001F8366 /* SwifterSwiftDemo */,
				866215B11DFFCA8E001F8366 /* Products */,
				318A23BAF904798C25188D83 /* Pods */,
				7A7E0A5A96A0C9FDFC405399 /* Frameworks */,
			);
			sourceTree = "<group>";
		};
		866215B11DFFCA8E001F8366 /* Products */ = {
			isa = PBXGroup;
			children = (
				866215B01DFFCA8E001F8366 /* SwifterSwiftDemo.app */,
			);
			name = Products;
			sourceTree = "<group>";
		};
		866215B21DFFCA8E001F8366 /* SwifterSwiftDemo */ = {
			isa = PBXGroup;
			children = (
				866215B31DFFCA8E001F8366 /* AppDelegate.swift */,
				866215B51DFFCA8E001F8366 /* ViewController.swift */,
				866215B71DFFCA8E001F8366 /* Main.storyboard */,
				866215BA1DFFCA8E001F8366 /* Assets.xcassets */,
				866215BC1DFFCA8E001F8366 /* LaunchScreen.storyboard */,
				866215BF1DFFCA8E001F8366 /* Info.plist */,
			);
			path = SwifterSwiftDemo;
			sourceTree = "<group>";
		};
/* End PBXGroup section */

/* Begin PBXNativeTarget section */
		866215AF1DFFCA8E001F8366 /* SwifterSwiftDemo */ = {
			isa = PBXNativeTarget;
			buildConfigurationList = 866215C21DFFCA8E001F8366 /* Build configuration list for PBXNativeTarget "SwifterSwiftDemo" */;
			buildPhases = (
				28C7A65CE9BBC4D616F55B2C /* [CP] Check Pods Manifest.lock */,
				866215AC1DFFCA8E001F8366 /* Sources */,
				866215AD1DFFCA8E001F8366 /* Frameworks */,
				866215AE1DFFCA8E001F8366 /* Resources */,
				6A618D7FD39B830831193596 /* [CP] Embed Pods Frameworks */,
				5B0D468CEF2C05B0CB3ABD19 /* [CP] Copy Pods Resources */,
			);
			buildRules = (
			);
			dependencies = (
			);
			name = SwifterSwiftDemo;
			productName = SwifterSwiftDemo;
			productReference = 866215B01DFFCA8E001F8366 /* SwifterSwiftDemo.app */;
			productType = "com.apple.product-type.application";
		};
/* End PBXNativeTarget section */

/* Begin PBXProject section */
		866215A81DFFCA8E001F8366 /* Project object */ = {
			isa = PBXProject;
			attributes = {
				LastSwiftUpdateCheck = 0820;
				LastUpgradeCheck = 0820;
				ORGANIZATIONNAME = qiuncheng.com;
				TargetAttributes = {
					866215AF1DFFCA8E001F8366 = {
						CreatedOnToolsVersion = 8.2;
						DevelopmentTeam = 57EP4P69NV;
						ProvisioningStyle = Automatic;
					};
				};
			};
			buildConfigurationList = 866215AB1DFFCA8E001F8366 /* Build configuration list for PBXProject "SwifterSwiftDemo" */;
			compatibilityVersion = "Xcode 3.2";
			developmentRegion = English;
			hasScannedForEncodings = 0;
			knownRegions = (
				en,
				Base,
			);
			mainGroup = 866215A71DFFCA8E001F8366;
			productRefGroup = 866215B11DFFCA8E001F8366 /* Products */;
			projectDirPath = "";
			projectRoot = "";
			targets = (
				866215AF1DFFCA8E001F8366 /* SwifterSwiftDemo */,
			);
		};
/* End PBXProject section */

/* Begin PBXResourcesBuildPhase section */
		866215AE1DFFCA8E001F8366 /* Resources */ = {
			isa = PBXResourcesBuildPhase;
			buildActionMask = 2147483647;
			files = (
				866215BE1DFFCA8E001F8366 /* LaunchScreen.storyboard in Resources */,
				866215BB1DFFCA8E001F8366 /* Assets.xcassets in Resources */,
				866215B91DFFCA8E001F8366 /* Main.storyboard in Resources */,
			);
			runOnlyForDeploymentPostprocessing = 0;
		};
/* End PBXResourcesBuildPhase section */

/* Begin PBXShellScriptBuildPhase section */
		28C7A65CE9BBC4D616F55B2C /* [CP] Check Pods Manifest.lock */ = {
			isa = PBXShellScriptBuildPhase;
			buildActionMask = 2147483647;
			files = (
			);
			inputPaths = (
			);
			name = "[CP] Check Pods Manifest.lock";
			outputPaths = (
			);
			runOnlyForDeploymentPostprocessing = 0;
			shellPath = /bin/sh;
			shellScript = "diff \"${PODS_ROOT}/../Podfile.lock\" \"${PODS_ROOT}/Manifest.lock\" > /dev/null\nif [ $? != 0 ] ; then\n    # print error to STDERR\n    echo \"error: The sandbox is not in sync with the Podfile.lock. Run 'pod install' or update your CocoaPods installation.\" >&2\n    exit 1\nfi\n";
			showEnvVarsInLog = 0;
		};
		5B0D468CEF2C05B0CB3ABD19 /* [CP] Copy Pods Resources */ = {
			isa = PBXShellScriptBuildPhase;
			buildActionMask = 2147483647;
			files = (
			);
			inputPaths = (
			);
			name = "[CP] Copy Pods Resources";
			outputPaths = (
			);
			runOnlyForDeploymentPostprocessing = 0;
			shellPath = /bin/sh;
			shellScript = "\"${SRCROOT}/Pods/Target Support Files/Pods-SwifterSwiftDemo/Pods-SwifterSwiftDemo-resources.sh\"\n";
			showEnvVarsInLog = 0;
		};
		6A618D7FD39B830831193596 /* [CP] Embed Pods Frameworks */ = {
			isa = PBXShellScriptBuildPhase;
			buildActionMask = 2147483647;
			files = (
			);
			inputPaths = (
			);
			name = "[CP] Embed Pods Frameworks";
			outputPaths = (
			);
			runOnlyForDeploymentPostprocessing = 0;
			shellPath = /bin/sh;
			shellScript = "\"${SRCROOT}/Pods/Target Support Files/Pods-SwifterSwiftDemo/Pods-SwifterSwiftDemo-frameworks.sh\"\n";
			showEnvVarsInLog = 0;
		};
/* End PBXShellScriptBuildPhase section */

/* Begin PBXSourcesBuildPhase section */
		866215AC1DFFCA8E001F8366 /* Sources */ = {
			isa = PBXSourcesBuildPhase;
			buildActionMask = 2147483647;
			files = (
				866215B61DFFCA8E001F8366 /* ViewController.swift in Sources */,
				866215B41DFFCA8E001F8366 /* AppDelegate.swift in Sources */,
			);
			runOnlyForDeploymentPostprocessing = 0;
		};
/* End PBXSourcesBuildPhase section */

/* Begin PBXVariantGroup section */
		866215B71DFFCA8E001F8366 /* Main.storyboard */ = {
			isa = PBXVariantGroup;
			children = (
				866215B81DFFCA8E001F8366 /* Base */,
			);
			name = Main.storyboard;
			sourceTree = "<group>";
		};
		866215BC1DFFCA8E001F8366 /* LaunchScreen.storyboard */ = {
			isa = PBXVariantGroup;
			children = (
				866215BD1DFFCA8E001F8366 /* Base */,
			);
			name = LaunchScreen.storyboard;
			sourceTree = "<group>";
		};
/* End PBXVariantGroup section */

/* Begin XCBuildConfiguration section */
		866215C01DFFCA8E001F8366 /* Debug */ = {
			isa = XCBuildConfiguration;
			buildSettings = {
				ALWAYS_SEARCH_USER_PATHS = NO;
				CLANG_ANALYZER_NONNULL = YES;
				CLANG_CXX_LANGUAGE_STANDARD = "gnu++0x";
				CLANG_CXX_LIBRARY = "libc++";
				CLANG_ENABLE_MODULES = YES;
				CLANG_ENABLE_OBJC_ARC = YES;
				CLANG_WARN_BOOL_CONVERSION = YES;
				CLANG_WARN_CONSTANT_CONVERSION = YES;
				CLANG_WARN_DIRECT_OBJC_ISA_USAGE = YES_ERROR;
				CLANG_WARN_DOCUMENTATION_COMMENTS = YES;
				CLANG_WARN_EMPTY_BODY = YES;
				CLANG_WARN_ENUM_CONVERSION = YES;
				CLANG_WARN_INFINITE_RECURSION = YES;
				CLANG_WARN_INT_CONVERSION = YES;
				CLANG_WARN_OBJC_ROOT_CLASS = YES_ERROR;
				CLANG_WARN_SUSPICIOUS_MOVE = YES;
				CLANG_WARN_UNREACHABLE_CODE = YES;
				CLANG_WARN__DUPLICATE_METHOD_MATCH = YES;
				"CODE_SIGN_IDENTITY[sdk=iphoneos*]" = "iPhone Developer";
				COPY_PHASE_STRIP = NO;
				DEBUG_INFORMATION_FORMAT = dwarf;
				ENABLE_STRICT_OBJC_MSGSEND = YES;
				ENABLE_TESTABILITY = YES;
				GCC_C_LANGUAGE_STANDARD = gnu99;
				GCC_DYNAMIC_NO_PIC = NO;
				GCC_NO_COMMON_BLOCKS = YES;
				GCC_OPTIMIZATION_LEVEL = 0;
				GCC_PREPROCESSOR_DEFINITIONS = (
					"DEBUG=1",
					"$(inherited)",
				);
				GCC_WARN_64_TO_32_BIT_CONVERSION = YES;
				GCC_WARN_ABOUT_RETURN_TYPE = YES_ERROR;
				GCC_WARN_UNDECLARED_SELECTOR = YES;
				GCC_WARN_UNINITIALIZED_AUTOS = YES_AGGRESSIVE;
				GCC_WARN_UNUSED_FUNCTION = YES;
				GCC_WARN_UNUSED_VARIABLE = YES;
				IPHONEOS_DEPLOYMENT_TARGET = 10.2;
				MTL_ENABLE_DEBUG_INFO = YES;
				ONLY_ACTIVE_ARCH = YES;
				SDKROOT = iphoneos;
				SWIFT_ACTIVE_COMPILATION_CONDITIONS = DEBUG;
				SWIFT_OPTIMIZATION_LEVEL = "-Onone";
			};
			name = Debug;
		};
		866215C11DFFCA8E001F8366 /* Release */ = {
			isa = XCBuildConfiguration;
			buildSettings = {
				ALWAYS_SEARCH_USER_PATHS = NO;
				CLANG_ANALYZER_NONNULL = YES;
				CLANG_CXX_LANGUAGE_STANDARD = "gnu++0x";
				CLANG_CXX_LIBRARY = "libc++";
				CLANG_ENABLE_MODULES = YES;
				CLANG_ENABLE_OBJC_ARC = YES;
				CLANG_WARN_BOOL_CONVERSION = YES;
				CLANG_WARN_CONSTANT_CONVERSION = YES;
				CLANG_WARN_DIRECT_OBJC_ISA_USAGE = YES_ERROR;
				CLANG_WARN_DOCUMENTATION_COMMENTS = YES;
				CLANG_WARN_EMPTY_BODY = YES;
				CLANG_WARN_ENUM_CONVERSION = YES;
				CLANG_WARN_INFINITE_RECURSION = YES;
				CLANG_WARN_INT_CONVERSION = YES;
				CLANG_WARN_OBJC_ROOT_CLASS = YES_ERROR;
				CLANG_WARN_SUSPICIOUS_MOVE = YES;
				CLANG_WARN_UNREACHABLE_CODE = YES;
				CLANG_WARN__DUPLICATE_METHOD_MATCH = YES;
				"CODE_SIGN_IDENTITY[sdk=iphoneos*]" = "iPhone Developer";
				COPY_PHASE_STRIP = NO;
				DEBUG_INFORMATION_FORMAT = "dwarf-with-dsym";
				ENABLE_NS_ASSERTIONS = NO;
				ENABLE_STRICT_OBJC_MSGSEND = YES;
				GCC_C_LANGUAGE_STANDARD = gnu99;
				GCC_NO_COMMON_BLOCKS = YES;
				GCC_WARN_64_TO_32_BIT_CONVERSION = YES;
				GCC_WARN_ABOUT_RETURN_TYPE = YES_ERROR;
				GCC_WARN_UNDECLARED_SELECTOR = YES;
				GCC_WARN_UNINITIALIZED_AUTOS = YES_AGGRESSIVE;
				GCC_WARN_UNUSED_FUNCTION = YES;
				GCC_WARN_UNUSED_VARIABLE = YES;
				IPHONEOS_DEPLOYMENT_TARGET = 10.2;
				MTL_ENABLE_DEBUG_INFO = NO;
				SDKROOT = iphoneos;
				SWIFT_OPTIMIZATION_LEVEL = "-Owholemodule";
				VALIDATE_PRODUCT = YES;
			};
			name = Release;
		};
		866215C31DFFCA8E001F8366 /* Debug */ = {
			isa = XCBuildConfiguration;
			baseConfigurationReference = 8D27325BAA4340E3D6005CD4 /* Pods-SwifterSwiftDemo.debug.xcconfig */;
			buildSettings = {
				ASSETCATALOG_COMPILER_APPICON_NAME = AppIcon;
				DEVELOPMENT_TEAM = 57EP4P69NV;
				INFOPLIST_FILE = SwifterSwiftDemo/Info.plist;
				LD_RUNPATH_SEARCH_PATHS = "$(inherited) @executable_path/Frameworks";
				PRODUCT_BUNDLE_IDENTIFIER = com.qiuncheng.SwifterSwiftDemo;
				PRODUCT_NAME = "$(TARGET_NAME)";
				SWIFT_VERSION = 3.0;
			};
			name = Debug;
		};
		866215C41DFFCA8E001F8366 /* Release */ = {
			isa = XCBuildConfiguration;
			baseConfigurationReference = 552186465AD889A3F6581471 /* Pods-SwifterSwiftDemo.release.xcconfig */;
			buildSettings = {
				ASSETCATALOG_COMPILER_APPICON_NAME = AppIcon;
				DEVELOPMENT_TEAM = 57EP4P69NV;
				INFOPLIST_FILE = SwifterSwiftDemo/Info.plist;
				LD_RUNPATH_SEARCH_PATHS = "$(inherited) @executable_path/Frameworks";
				PRODUCT_BUNDLE_IDENTIFIER = com.qiuncheng.SwifterSwiftDemo;
				PRODUCT_NAME = "$(TARGET_NAME)";
				SWIFT_VERSION = 3.0;
			};
			name = Release;
		};
/* End XCBuildConfiguration section */

/* Begin XCConfigurationList section */
		866215AB1DFFCA8E001F8366 /* Build configuration list for PBXProject "SwifterSwiftDemo" */ = {
			isa = XCConfigurationList;
			buildConfigurations = (
				866215C01DFFCA8E001F8366 /* Debug */,
				866215C11DFFCA8E001F8366 /* Release */,
			);
			defaultConfigurationIsVisible = 0;
			defaultConfigurationName = Release;
		};
		866215C21DFFCA8E001F8366 /* Build configuration list for PBXNativeTarget "SwifterSwiftDemo" */ = {
			isa = XCConfigurationList;
			buildConfigurations = (
				866215C31DFFCA8E001F8366 /* Debug */,
				866215C41DFFCA8E001F8366 /* Release */,
			);
			defaultConfigurationIsVisible = 0;
		};
/* End XCConfigurationList section */
	};
	rootObject = 866215A81DFFCA8E001F8366 /* Project object */;
}
