// !$*UTF8*$!
{
	archiveVersion = 1;
	classes = {
	};
	objectVersion = 46;
	objects = {

/* Begin PBXBuildFile section */
		27ACBDB9D9A940EF8C6FF827 /* Pods_BlockBasic.framework in Frameworks */ = {isa = PBXBuildFile; fileRef = AF6E5DF319C77084769F820D /* Pods_BlockBasic.framework */; };
		866B31C71DC33D9F00D05CEA /* main.m in Sources */ = {isa = PBXBuildFile; fileRef = 866B31C61DC33D9F00D05CEA /* main.m */; };
		866B31CA1DC33D9F00D05CEA /* AppDelegate.m in Sources */ = {isa = PBXBuildFile; fileRef = 866B31C91DC33D9F00D05CEA /* AppDelegate.m */; };
		866B31CD1DC33D9F00D05CEA /* ViewController.m in Sources */ = {isa = PBXBuildFile; fileRef = 866B31CC1DC33D9F00D05CEA /* ViewController.m */; };
		866B31D01DC33D9F00D05CEA /* Main.storyboard in Resources */ = {isa = PBXBuildFile; fileRef = 866B31CE1DC33D9F00D05CEA /* Main.storyboard */; };
		866B31D21DC33D9F00D05CEA /* Assets.xcassets in Resources */ = {isa = PBXBuildFile; fileRef = 866B31D11DC33D9F00D05CEA /* Assets.xcassets */; };
		866B31D51DC33D9F00D05CEA /* LaunchScreen.storyboard in Resources */ = {isa = PBXBuildFile; fileRef = 866B31D31DC33D9F00D05CEA /* LaunchScreen.storyboard */; };
/* End PBXBuildFile section */

/* Begin PBXFileReference section */
		77FACE0F00A2374E41CFBD12 /* Pods-BlockBasic.release.xcconfig */ = {isa = PBXFileReference; includeInIndex = 1; lastKnownFileType = text.xcconfig; name = "Pods-BlockBasic.release.xcconfig"; path = "Pods/Target Support Files/Pods-BlockBasic/Pods-BlockBasic.release.xcconfig"; sourceTree = "<group>"; };
		866B31C21DC33D9F00D05CEA /* BlockBasic.app */ = {isa = PBXFileReference; explicitFileType = wrapper.application; includeInIndex = 0; path = BlockBasic.app; sourceTree = BUILT_PRODUCTS_DIR; };
		866B31C61DC33D9F00D05CEA /* main.m */ = {isa = PBXFileReference; lastKnownFileType = sourcecode.c.objc; path = main.m; sourceTree = "<group>"; };
		866B31C81DC33D9F00D05CEA /* AppDelegate.h */ = {isa = PBXFileReference; lastKnownFileType = sourcecode.c.h; path = AppDelegate.h; sourceTree = "<group>"; };
		866B31C91DC33D9F00D05CEA /* AppDelegate.m */ = {isa = PBXFileReference; lastKnownFileType = sourcecode.c.objc; path = AppDelegate.m; sourceTree = "<group>"; };
		866B31CB1DC33D9F00D05CEA /* ViewController.h */ = {isa = PBXFileReference; lastKnownFileType = sourcecode.c.h; path = ViewController.h; sourceTree = "<group>"; };
		866B31CC1DC33D9F00D05CEA /* ViewController.m */ = {isa = PBXFileReference; lastKnownFileType = sourcecode.c.objc; path = ViewController.m; sourceTree = "<group>"; };
		866B31CF1DC33D9F00D05CEA /* Base */ = {isa = PBXFileReference; lastKnownFileType = file.storyboard; name = Base; path = Base.lproj/Main.storyboard; sourceTree = "<group>"; };
		866B31D11DC33D9F00D05CEA /* Assets.xcassets */ = {isa = PBXFileReference; lastKnownFileType = folder.assetcatalog; path = Assets.xcassets; sourceTree = "<group>"; };
		866B31D41DC33D9F00D05CEA /* Base */ = {isa = PBXFileReference; lastKnownFileType = file.storyboard; name = Base; path = Base.lproj/LaunchScreen.storyboard; sourceTree = "<group>"; };
		866B31D61DC33D9F00D05CEA /* Info.plist */ = {isa = PBXFileReference; lastKnownFileType = text.plist.xml; path = Info.plist; sourceTree = "<group>"; };
		AF6E5DF319C77084769F820D /* Pods_BlockBasic.framework */ = {isa = PBXFileReference; explicitFileType = wrapper.framework; includeInIndex = 0; path = Pods_BlockBasic.framework; sourceTree = BUILT_PRODUCTS_DIR; };
		DB2BE7A9446C1C2B8FD5F068 /* Pods-BlockBasic.debug.xcconfig */ = {isa = PBXFileReference; includeInIndex = 1; lastKnownFileType = text.xcconfig; name = "Pods-BlockBasic.debug.xcconfig"; path = "Pods/Target Support Files/Pods-BlockBasic/Pods-BlockBasic.debug.xcconfig"; sourceTree = "<group>"; };
/* End PBXFileReference section */

/* Begin PBXFrameworksBuildPhase section */
		866B31BF1DC33D9F00D05CEA /* Frameworks */ = {
			isa = PBXFrameworksBuildPhase;
			buildActionMask = 2147483647;
			files = (
				27ACBDB9D9A940EF8C6FF827 /* Pods_BlockBasic.framework in Frameworks */,
			);
			runOnlyForDeploymentPostprocessing = 0;
		};
/* End PBXFrameworksBuildPhase section */

/* Begin PBXGroup section */
		234D2274591221F41539B0E7 /* Pods */ = {
			isa = PBXGroup;
			children = (
				DB2BE7A9446C1C2B8FD5F068 /* Pods-BlockBasic.debug.xcconfig */,
				77FACE0F00A2374E41CFBD12 /* Pods-BlockBasic.release.xcconfig */,
			);
			name = Pods;
			sourceTree = "<group>";
		};
		7E37A78CBD8E04096164C2B6 /* Frameworks */ = {
			isa = PBXGroup;
			children = (
				AF6E5DF319C77084769F820D /* Pods_BlockBasic.framework */,
			);
			name = Frameworks;
			sourceTree = "<group>";
		};
		866B31B91DC33D9F00D05CEA = {
			isa = PBXGroup;
			children = (
				866B31C41DC33D9F00D05CEA /* BlockBasic */,
				866B31C31DC33D9F00D05CEA /* Products */,
				234D2274591221F41539B0E7 /* Pods */,
				7E37A78CBD8E04096164C2B6 /* Frameworks */,
			);
			sourceTree = "<group>";
		};
		866B31C31DC33D9F00D05CEA /* Products */ = {
			isa = PBXGroup;
			children = (
				866B31C21DC33D9F00D05CEA /* BlockBasic.app */,
			);
			name = Products;
			sourceTree = "<group>";
		};
		866B31C41DC33D9F00D05CEA /* BlockBasic */ = {
			isa = PBXGroup;
			children = (
				866B31C81DC33D9F00D05CEA /* AppDelegate.h */,
				866B31C91DC33D9F00D05CEA /* AppDelegate.m */,
				866B31CB1DC33D9F00D05CEA /* ViewController.h */,
				866B31CC1DC33D9F00D05CEA /* ViewController.m */,
				866B31CE1DC33D9F00D05CEA /* Main.storyboard */,
				866B31D11DC33D9F00D05CEA /* Assets.xcassets */,
				866B31D31DC33D9F00D05CEA /* LaunchScreen.storyboard */,
				866B31D61DC33D9F00D05CEA /* Info.plist */,
				866B31C51DC33D9F00D05CEA /* Supporting Files */,
			);
			path = BlockBasic;
			sourceTree = "<group>";
		};
		866B31C51DC33D9F00D05CEA /* Supporting Files */ = {
			isa = PBXGroup;
			children = (
				866B31C61DC33D9F00D05CEA /* main.m */,
			);
			name = "Supporting Files";
			sourceTree = "<group>";
		};
/* End PBXGroup section */

/* Begin PBXNativeTarget section */
		866B31C11DC33D9F00D05CEA /* BlockBasic */ = {
			isa = PBXNativeTarget;
			buildConfigurationList = 866B31D91DC33D9F00D05CEA /* Build configuration list for PBXNativeTarget "BlockBasic" */;
			buildPhases = (
				01570CC6543F6541D4DDBAE0 /* [CP] Check Pods Manifest.lock */,
				866B31BE1DC33D9F00D05CEA /* Sources */,
				866B31BF1DC33D9F00D05CEA /* Frameworks */,
				866B31C01DC33D9F00D05CEA /* Resources */,
				6AAA536182D70A73DB0F1F76 /* [CP] Embed Pods Frameworks */,
				A706B71B6C1AC4AC482ABD2C /* [CP] Copy Pods Resources */,
			);
			buildRules = (
			);
			dependencies = (
			);
			name = BlockBasic;
			productName = BlockBasic;
			productReference = 866B31C21DC33D9F00D05CEA /* BlockBasic.app */;
			productType = "com.apple.product-type.application";
		};
/* End PBXNativeTarget section */

/* Begin PBXProject section */
		866B31BA1DC33D9F00D05CEA /* Project object */ = {
			isa = PBXProject;
			attributes = {
				LastUpgradeCheck = 0800;
				ORGANIZATIONNAME = qiuncheng.com;
				TargetAttributes = {
					866B31C11DC33D9F00D05CEA = {
						CreatedOnToolsVersion = 8.0;
						DevelopmentTeam = 57EP4P69NV;
						ProvisioningStyle = Automatic;
					};
				};
			};
			buildConfigurationList = 866B31BD1DC33D9F00D05CEA /* Build configuration list for PBXProject "BlockBasic" */;
			compatibilityVersion = "Xcode 3.2";
			developmentRegion = English;
			hasScannedForEncodings = 0;
			knownRegions = (
				en,
				Base,
			);
			mainGroup = 866B31B91DC33D9F00D05CEA;
			productRefGroup = 866B31C31DC33D9F00D05CEA /* Products */;
			projectDirPath = "";
			projectRoot = "";
			targets = (
				866B31C11DC33D9F00D05CEA /* BlockBasic */,
			);
		};
/* End PBXProject section */

/* Begin PBXResourcesBuildPhase section */
		866B31C01DC33D9F00D05CEA /* Resources */ = {
			isa = PBXResourcesBuildPhase;
			buildActionMask = 2147483647;
			files = (
				866B31D51DC33D9F00D05CEA /* LaunchScreen.storyboard in Resources */,
				866B31D21DC33D9F00D05CEA /* Assets.xcassets in Resources */,
				866B31D01DC33D9F00D05CEA /* Main.storyboard in Resources */,
			);
			runOnlyForDeploymentPostprocessing = 0;
		};
/* End PBXResourcesBuildPhase section */

/* Begin PBXShellScriptBuildPhase section */
		01570CC6543F6541D4DDBAE0 /* [CP] Check Pods Manifest.lock */ = {
			isa = PBXShellScriptBuildPhase;
			buildActionMask = 2147483647;
			files = (
			);
			inputPaths = (
			);
			name = "[CP] Check Pods Manifest.lock";
			outputPaths = (
			);
			runOnlyForDeploymentPostprocessing = 0;
			shellPath = /bin/sh;
			shellScript = "diff \"${PODS_ROOT}/../Podfile.lock\" \"${PODS_ROOT}/Manifest.lock\" > /dev/null\nif [ $? != 0 ] ; then\n    # print error to STDERR\n    echo \"error: The sandbox is not in sync with the Podfile.lock. Run 'pod install' or update your CocoaPods installation.\" >&2\n    exit 1\nfi\n";
			showEnvVarsInLog = 0;
		};
		6AAA536182D70A73DB0F1F76 /* [CP] Embed Pods Frameworks */ = {
			isa = PBXShellScriptBuildPhase;
			buildActionMask = 2147483647;
			files = (
			);
			inputPaths = (
			);
			name = "[CP] Embed Pods Frameworks";
			outputPaths = (
			);
			runOnlyForDeploymentPostprocessing = 0;
			shellPath = /bin/sh;
			shellScript = "\"${SRCROOT}/Pods/Target Support Files/Pods-BlockBasic/Pods-BlockBasic-frameworks.sh\"\n";
			showEnvVarsInLog = 0;
		};
		A706B71B6C1AC4AC482ABD2C /* [CP] Copy Pods Resources */ = {
			isa = PBXShellScriptBuildPhase;
			buildActionMask = 2147483647;
			files = (
			);
			inputPaths = (
			);
			name = "[CP] Copy Pods Resources";
			outputPaths = (
			);
			runOnlyForDeploymentPostprocessing = 0;
			shellPath = /bin/sh;
			shellScript = "\"${SRCROOT}/Pods/Target Support Files/Pods-BlockBasic/Pods-BlockBasic-resources.sh\"\n";
			showEnvVarsInLog = 0;
		};
/* End PBXShellScriptBuildPhase section */

/* Begin PBXSourcesBuildPhase section */
		866B31BE1DC33D9F00D05CEA /* Sources */ = {
			isa = PBXSourcesBuildPhase;
			buildActionMask = 2147483647;
			files = (
				866B31CD1DC33D9F00D05CEA /* ViewController.m in Sources */,
				866B31CA1DC33D9F00D05CEA /* AppDelegate.m in Sources */,
				866B31C71DC33D9F00D05CEA /* main.m in Sources */,
			);
			runOnlyForDeploymentPostprocessing = 0;
		};
/* End PBXSourcesBuildPhase section */

/* Begin PBXVariantGroup section */
		866B31CE1DC33D9F00D05CEA /* Main.storyboard */ = {
			isa = PBXVariantGroup;
			children = (
				866B31CF1DC33D9F00D05CEA /* Base */,
			);
			name = Main.storyboard;
			sourceTree = "<group>";
		};
		866B31D31DC33D9F00D05CEA /* LaunchScreen.storyboard */ = {
			isa = PBXVariantGroup;
			children = (
				866B31D41DC33D9F00D05CEA /* Base */,
			);
			name = LaunchScreen.storyboard;
			sourceTree = "<group>";
		};
/* End PBXVariantGroup section */

/* Begin XCBuildConfiguration section */
		866B31D71DC33D9F00D05CEA /* Debug */ = {
			isa = XCBuildConfiguration;
			buildSettings = {
				ALWAYS_SEARCH_USER_PATHS = NO;
				CLANG_ANALYZER_NONNULL = YES;
				CLANG_CXX_LANGUAGE_STANDARD = "gnu++0x";
				CLANG_CXX_LIBRARY = "libc++";
				CLANG_ENABLE_MODULES = YES;
				CLANG_ENABLE_OBJC_ARC = YES;
				CLANG_WARN_BOOL_CONVERSION = YES;
				CLANG_WARN_CONSTANT_CONVERSION = YES;
				CLANG_WARN_DIRECT_OBJC_ISA_USAGE = YES_ERROR;
				CLANG_WARN_DOCUMENTATION_COMMENTS = YES;
				CLANG_WARN_EMPTY_BODY = YES;
				CLANG_WARN_ENUM_CONVERSION = YES;
				CLANG_WARN_INFINITE_RECURSION = YES;
				CLANG_WARN_INT_CONVERSION = YES;
				CLANG_WARN_OBJC_ROOT_CLASS = YES_ERROR;
				CLANG_WARN_SUSPICIOUS_MOVES = YES;
				CLANG_WARN_UNREACHABLE_CODE = YES;
				CLANG_WARN__DUPLICATE_METHOD_MATCH = YES;
				"CODE_SIGN_IDENTITY[sdk=iphoneos*]" = "iPhone Developer";
				COPY_PHASE_STRIP = NO;
				DEBUG_INFORMATION_FORMAT = dwarf;
				ENABLE_STRICT_OBJC_MSGSEND = YES;
				ENABLE_TESTABILITY = YES;
				GCC_C_LANGUAGE_STANDARD = gnu99;
				GCC_DYNAMIC_NO_PIC = NO;
				GCC_NO_COMMON_BLOCKS = YES;
				GCC_OPTIMIZATION_LEVEL = 0;
				GCC_PREPROCESSOR_DEFINITIONS = (
					"DEBUG=1",
					"$(inherited)",
				);
				GCC_WARN_64_TO_32_BIT_CONVERSION = YES;
				GCC_WARN_ABOUT_RETURN_TYPE = YES_ERROR;
				GCC_WARN_UNDECLARED_SELECTOR = YES;
				GCC_WARN_UNINITIALIZED_AUTOS = YES_AGGRESSIVE;
				GCC_WARN_UNUSED_FUNCTION = YES;
				GCC_WARN_UNUSED_VARIABLE = YES;
				IPHONEOS_DEPLOYMENT_TARGET = 10.0;
				MTL_ENABLE_DEBUG_INFO = YES;
				ONLY_ACTIVE_ARCH = YES;
				SDKROOT = iphoneos;
			};
			name = Debug;
		};
		866B31D81DC33D9F00D05CEA /* Release */ = {
			isa = XCBuildConfiguration;
			buildSettings = {
				ALWAYS_SEARCH_USER_PATHS = NO;
				CLANG_ANALYZER_NONNULL = YES;
				CLANG_CXX_LANGUAGE_STANDARD = "gnu++0x";
				CLANG_CXX_LIBRARY = "libc++";
				CLANG_ENABLE_MODULES = YES;
				CLANG_ENABLE_OBJC_ARC = YES;
				CLANG_WARN_BOOL_CONVERSION = YES;
				CLANG_WARN_CONSTANT_CONVERSION = YES;
				CLANG_WARN_DIRECT_OBJC_ISA_USAGE = YES_ERROR;
				CLANG_WARN_DOCUMENTATION_COMMENTS = YES;
				CLANG_WARN_EMPTY_BODY = YES;
				CLANG_WARN_ENUM_CONVERSION = YES;
				CLANG_WARN_INFINITE_RECURSION = YES;
				CLANG_WARN_INT_CONVERSION = YES;
				CLANG_WARN_OBJC_ROOT_CLASS = YES_ERROR;
				CLANG_WARN_SUSPICIOUS_MOVES = YES;
				CLANG_WARN_UNREACHABLE_CODE = YES;
				CLANG_WARN__DUPLICATE_METHOD_MATCH = YES;
				"CODE_SIGN_IDENTITY[sdk=iphoneos*]" = "iPhone Developer";
				COPY_PHASE_STRIP = NO;
				DEBUG_INFORMATION_FORMAT = "dwarf-with-dsym";
				ENABLE_NS_ASSERTIONS = NO;
				ENABLE_STRICT_OBJC_MSGSEND = YES;
				GCC_C_LANGUAGE_STANDARD = gnu99;
				GCC_NO_COMMON_BLOCKS = YES;
				GCC_WARN_64_TO_32_BIT_CONVERSION = YES;
				GCC_WARN_ABOUT_RETURN_TYPE = YES_ERROR;
				GCC_WARN_UNDECLARED_SELECTOR = YES;
				GCC_WARN_UNINITIALIZED_AUTOS = YES_AGGRESSIVE;
				GCC_WARN_UNUSED_FUNCTION = YES;
				GCC_WARN_UNUSED_VARIABLE = YES;
				IPHONEOS_DEPLOYMENT_TARGET = 10.0;
				MTL_ENABLE_DEBUG_INFO = NO;
				SDKROOT = iphoneos;
				VALIDATE_PRODUCT = YES;
			};
			name = Release;
		};
		866B31DA1DC33D9F00D05CEA /* Debug */ = {
			isa = XCBuildConfiguration;
			baseConfigurationReference = DB2BE7A9446C1C2B8FD5F068 /* Pods-BlockBasic.debug.xcconfig */;
			buildSettings = {
				ASSETCATALOG_COMPILER_APPICON_NAME = AppIcon;
				DEVELOPMENT_TEAM = 57EP4P69NV;
				INFOPLIST_FILE = BlockBasic/Info.plist;
				LD_RUNPATH_SEARCH_PATHS = "$(inherited) @executable_path/Frameworks";
				PRODUCT_BUNDLE_IDENTIFIER = com.qiuncheng.BlockBasic;
				PRODUCT_NAME = "$(TARGET_NAME)";
			};
			name = Debug;
		};
		866B31DB1DC33D9F00D05CEA /* Release */ = {
			isa = XCBuildConfiguration;
			baseConfigurationReference = 77FACE0F00A2374E41CFBD12 /* Pods-BlockBasic.release.xcconfig */;
			buildSettings = {
				ASSETCATALOG_COMPILER_APPICON_NAME = AppIcon;
				DEVELOPMENT_TEAM = 57EP4P69NV;
				INFOPLIST_FILE = BlockBasic/Info.plist;
				LD_RUNPATH_SEARCH_PATHS = "$(inherited) @executable_path/Frameworks";
				PRODUCT_BUNDLE_IDENTIFIER = com.qiuncheng.BlockBasic;
				PRODUCT_NAME = "$(TARGET_NAME)";
			};
			name = Release;
		};
/* End XCBuildConfiguration section */

/* Begin XCConfigurationList section */
		866B31BD1DC33D9F00D05CEA /* Build configuration list for PBXProject "BlockBasic" */ = {
			isa = XCConfigurationList;
			buildConfigurations = (
				866B31D71DC33D9F00D05CEA /* Debug */,
				866B31D81DC33D9F00D05CEA /* Release */,
			);
			defaultConfigurationIsVisible = 0;
			defaultConfigurationName = Release;
		};
		866B31D91DC33D9F00D05CEA /* Build configuration list for PBXNativeTarget "BlockBasic" */ = {
			isa = XCConfigurationList;
			buildConfigurations = (
				866B31DA1DC33D9F00D05CEA /* Debug */,
				866B31DB1DC33D9F00D05CEA /* Release */,
			);
			defaultConfigurationIsVisible = 0;
			defaultConfigurationName = Release;
		};
/* End XCConfigurationList section */
	};
	rootObject = 866B31BA1DC33D9F00D05CEA /* Project object */;
}
