// !$*UTF8*$!
{
	archiveVersion = 1;
	classes = {
	};
	objectVersion = 46;
	objects = {

/* Begin PBXBuildFile section */
		3416299510FEFE107E0B21A5 /* Pods_AFNetwork_with_YYCache.framework in Frameworks */ = {isa = PBXBuildFile; fileRef = 2AE490E8F15D45567B067C6C /* Pods_AFNetwork_with_YYCache.framework */; };
		F23DC5E51E34997200C694F7 /* AppDelegate.swift in Sources */ = {isa = PBXBuildFile; fileRef = F23DC5E41E34997200C694F7 /* AppDelegate.swift */; };
		F23DC5E71E34997200C694F7 /* ViewController.swift in Sources */ = {isa = PBXBuildFile; fileRef = F23DC5E61E34997200C694F7 /* ViewController.swift */; };
		F23DC5EA1E34997200C694F7 /* Main.storyboard in Resources */ = {isa = PBXBuildFile; fileRef = F23DC5E81E34997200C694F7 /* Main.storyboard */; };
		F23DC5EC1E34997200C694F7 /* Assets.xcassets in Resources */ = {isa = PBXBuildFile; fileRef = F23DC5EB1E34997200C694F7 /* Assets.xcassets */; };
		F23DC5EF1E34997200C694F7 /* LaunchScreen.storyboard in Resources */ = {isa = PBXBuildFile; fileRef = F23DC5ED1E34997200C694F7 /* LaunchScreen.storyboard */; };
/* End PBXBuildFile section */

/* Begin PBXFileReference section */
		2AE490E8F15D45567B067C6C /* Pods_AFNetwork_with_YYCache.framework */ = {isa = PBXFileReference; explicitFileType = wrapper.framework; includeInIndex = 0; path = Pods_AFNetwork_with_YYCache.framework; sourceTree = BUILT_PRODUCTS_DIR; };
		8BC8BF95221E3A4D747A024D /* Pods-AFNetwork-with-YYCache.debug.xcconfig */ = {isa = PBXFileReference; includeInIndex = 1; lastKnownFileType = text.xcconfig; name = "Pods-AFNetwork-with-YYCache.debug.xcconfig"; path = "Pods/Target Support Files/Pods-AFNetwork-with-YYCache/Pods-AFNetwork-with-YYCache.debug.xcconfig"; sourceTree = "<group>"; };
		BDEFCEEEEC17B1EF8D427C8E /* Pods-AFNetwork-with-YYCache.release.xcconfig */ = {isa = PBXFileReference; includeInIndex = 1; lastKnownFileType = text.xcconfig; name = "Pods-AFNetwork-with-YYCache.release.xcconfig"; path = "Pods/Target Support Files/Pods-AFNetwork-with-YYCache/Pods-AFNetwork-with-YYCache.release.xcconfig"; sourceTree = "<group>"; };
		F23DC5E11E34997200C694F7 /* AFNetwork-with-YYCache.app */ = {isa = PBXFileReference; explicitFileType = wrapper.application; includeInIndex = 0; path = "AFNetwork-with-YYCache.app"; sourceTree = BUILT_PRODUCTS_DIR; };
		F23DC5E41E34997200C694F7 /* AppDelegate.swift */ = {isa = PBXFileReference; lastKnownFileType = sourcecode.swift; path = AppDelegate.swift; sourceTree = "<group>"; };
		F23DC5E61E34997200C694F7 /* ViewController.swift */ = {isa = PBXFileReference; lastKnownFileType = sourcecode.swift; path = ViewController.swift; sourceTree = "<group>"; };
		F23DC5E91E34997200C694F7 /* Base */ = {isa = PBXFileReference; lastKnownFileType = file.storyboard; name = Base; path = Base.lproj/Main.storyboard; sourceTree = "<group>"; };
		F23DC5EB1E34997200C694F7 /* Assets.xcassets */ = {isa = PBXFileReference; lastKnownFileType = folder.assetcatalog; path = Assets.xcassets; sourceTree = "<group>"; };
		F23DC5EE1E34997200C694F7 /* Base */ = {isa = PBXFileReference; lastKnownFileType = file.storyboard; name = Base; path = Base.lproj/LaunchScreen.storyboard; sourceTree = "<group>"; };
		F23DC5F01E34997200C694F7 /* Info.plist */ = {isa = PBXFileReference; lastKnownFileType = text.plist.xml; path = Info.plist; sourceTree = "<group>"; };
/* End PBXFileReference section */

/* Begin PBXFrameworksBuildPhase section */
		F23DC5DE1E34997200C694F7 /* Frameworks */ = {
			isa = PBXFrameworksBuildPhase;
			buildActionMask = 2147483647;
			files = (
				3416299510FEFE107E0B21A5 /* Pods_AFNetwork_with_YYCache.framework in Frameworks */,
			);
			runOnlyForDeploymentPostprocessing = 0;
		};
/* End PBXFrameworksBuildPhase section */

/* Begin PBXGroup section */
		415754EE4202ED9E0A24AE73 /* Pods */ = {
			isa = PBXGroup;
			children = (
				8BC8BF95221E3A4D747A024D /* Pods-AFNetwork-with-YYCache.debug.xcconfig */,
				BDEFCEEEEC17B1EF8D427C8E /* Pods-AFNetwork-with-YYCache.release.xcconfig */,
			);
			name = Pods;
			sourceTree = "<group>";
		};
		BDF45BFC12763807DEDCA3B6 /* Frameworks */ = {
			isa = PBXGroup;
			children = (
				2AE490E8F15D45567B067C6C /* Pods_AFNetwork_with_YYCache.framework */,
			);
			name = Frameworks;
			sourceTree = "<group>";
		};
		F23DC5D81E34997200C694F7 = {
			isa = PBXGroup;
			children = (
				F23DC5E31E34997200C694F7 /* AFNetwork-with-YYCache */,
				F23DC5E21E34997200C694F7 /* Products */,
				415754EE4202ED9E0A24AE73 /* Pods */,
				BDF45BFC12763807DEDCA3B6 /* Frameworks */,
			);
			sourceTree = "<group>";
		};
		F23DC5E21E34997200C694F7 /* Products */ = {
			isa = PBXGroup;
			children = (
				F23DC5E11E34997200C694F7 /* AFNetwork-with-YYCache.app */,
			);
			name = Products;
			sourceTree = "<group>";
		};
		F23DC5E31E34997200C694F7 /* AFNetwork-with-YYCache */ = {
			isa = PBXGroup;
			children = (
				F23DC5E41E34997200C694F7 /* AppDelegate.swift */,
				F23DC5E61E34997200C694F7 /* ViewController.swift */,
				F23DC5E81E34997200C694F7 /* Main.storyboard */,
				F23DC5EB1E34997200C694F7 /* Assets.xcassets */,
				F23DC5ED1E34997200C694F7 /* LaunchScreen.storyboard */,
				F23DC5F01E34997200C694F7 /* Info.plist */,
			);
			path = "AFNetwork-with-YYCache";
			sourceTree = "<group>";
		};
/* End PBXGroup section */

/* Begin PBXNativeTarget section */
		F23DC5E01E34997200C694F7 /* AFNetwork-with-YYCache */ = {
			isa = PBXNativeTarget;
			buildConfigurationList = F23DC5F31E34997200C694F7 /* Build configuration list for PBXNativeTarget "AFNetwork-with-YYCache" */;
			buildPhases = (
				467A125D6074ABB74A91E7D0 /* [CP] Check Pods Manifest.lock */,
				F23DC5DD1E34997200C694F7 /* Sources */,
				F23DC5DE1E34997200C694F7 /* Frameworks */,
				F23DC5DF1E34997200C694F7 /* Resources */,
				DDB1EAAF5B3EE49CA4083474 /* [CP] Embed Pods Frameworks */,
				E50F2CF2482B3FE6F6864C21 /* [CP] Copy Pods Resources */,
			);
			buildRules = (
			);
			dependencies = (
			);
			name = "AFNetwork-with-YYCache";
			productName = "AFNetwork-with-YYCache";
			productReference = F23DC5E11E34997200C694F7 /* AFNetwork-with-YYCache.app */;
			productType = "com.apple.product-type.application";
		};
/* End PBXNativeTarget section */

/* Begin PBXProject section */
		F23DC5D91E34997200C694F7 /* Project object */ = {
			isa = PBXProject;
			attributes = {
				LastSwiftUpdateCheck = 0820;
				LastUpgradeCheck = 0820;
				ORGANIZATIONNAME = Qiuncheng;
				TargetAttributes = {
					F23DC5E01E34997200C694F7 = {
						CreatedOnToolsVersion = 8.2.1;
						ProvisioningStyle = Automatic;
					};
				};
			};
			buildConfigurationList = F23DC5DC1E34997200C694F7 /* Build configuration list for PBXProject "AFNetwork-with-YYCache" */;
			compatibilityVersion = "Xcode 3.2";
			developmentRegion = English;
			hasScannedForEncodings = 0;
			knownRegions = (
				en,
				Base,
			);
			mainGroup = F23DC5D81E34997200C694F7;
			productRefGroup = F23DC5E21E34997200C694F7 /* Products */;
			projectDirPath = "";
			projectRoot = "";
			targets = (
				F23DC5E01E34997200C694F7 /* AFNetwork-with-YYCache */,
			);
		};
/* End PBXProject section */

/* Begin PBXResourcesBuildPhase section */
		F23DC5DF1E34997200C694F7 /* Resources */ = {
			isa = PBXResourcesBuildPhase;
			buildActionMask = 2147483647;
			files = (
				F23DC5EF1E34997200C694F7 /* LaunchScreen.storyboard in Resources */,
				F23DC5EC1E34997200C694F7 /* Assets.xcassets in Resources */,
				F23DC5EA1E34997200C694F7 /* Main.storyboard in Resources */,
			);
			runOnlyForDeploymentPostprocessing = 0;
		};
/* End PBXResourcesBuildPhase section */

/* Begin PBXShellScriptBuildPhase section */
		467A125D6074ABB74A91E7D0 /* [CP] Check Pods Manifest.lock */ = {
			isa = PBXShellScriptBuildPhase;
			buildActionMask = 2147483647;
			files = (
			);
			inputPaths = (
			);
			name = "[CP] Check Pods Manifest.lock";
			outputPaths = (
			);
			runOnlyForDeploymentPostprocessing = 0;
			shellPath = /bin/sh;
			shellScript = "diff \"${PODS_ROOT}/../Podfile.lock\" \"${PODS_ROOT}/Manifest.lock\" > /dev/null\nif [ $? != 0 ] ; then\n    # print error to STDERR\n    echo \"error: The sandbox is not in sync with the Podfile.lock. Run 'pod install' or update your CocoaPods installation.\" >&2\n    exit 1\nfi\n";
			showEnvVarsInLog = 0;
		};
		DDB1EAAF5B3EE49CA4083474 /* [CP] Embed Pods Frameworks */ = {
			isa = PBXShellScriptBuildPhase;
			buildActionMask = 2147483647;
			files = (
			);
			inputPaths = (
			);
			name = "[CP] Embed Pods Frameworks";
			outputPaths = (
			);
			runOnlyForDeploymentPostprocessing = 0;
			shellPath = /bin/sh;
			shellScript = "\"${SRCROOT}/Pods/Target Support Files/Pods-AFNetwork-with-YYCache/Pods-AFNetwork-with-YYCache-frameworks.sh\"\n";
			showEnvVarsInLog = 0;
		};
		E50F2CF2482B3FE6F6864C21 /* [CP] Copy Pods Resources */ = {
			isa = PBXShellScriptBuildPhase;
			buildActionMask = 2147483647;
			files = (
			);
			inputPaths = (
			);
			name = "[CP] Copy Pods Resources";
			outputPaths = (
			);
			runOnlyForDeploymentPostprocessing = 0;
			shellPath = /bin/sh;
			shellScript = "\"${SRCROOT}/Pods/Target Support Files/Pods-AFNetwork-with-YYCache/Pods-AFNetwork-with-YYCache-resources.sh\"\n";
			showEnvVarsInLog = 0;
		};
/* End PBXShellScriptBuildPhase section */

/* Begin PBXSourcesBuildPhase section */
		F23DC5DD1E34997200C694F7 /* Sources */ = {
			isa = PBXSourcesBuildPhase;
			buildActionMask = 2147483647;
			files = (
				F23DC5E71E34997200C694F7 /* ViewController.swift in Sources */,
				F23DC5E51E34997200C694F7 /* AppDelegate.swift in Sources */,
			);
			runOnlyForDeploymentPostprocessing = 0;
		};
/* End PBXSourcesBuildPhase section */

/* Begin PBXVariantGroup section */
		F23DC5E81E34997200C694F7 /* Main.storyboard */ = {
			isa = PBXVariantGroup;
			children = (
				F23DC5E91E34997200C694F7 /* Base */,
			);
			name = Main.storyboard;
			sourceTree = "<group>";
		};
		F23DC5ED1E34997200C694F7 /* LaunchScreen.storyboard */ = {
			isa = PBXVariantGroup;
			children = (
				F23DC5EE1E34997200C694F7 /* Base */,
			);
			name = LaunchScreen.storyboard;
			sourceTree = "<group>";
		};
/* End PBXVariantGroup section */

/* Begin XCBuildConfiguration section */
		F23DC5F11E34997200C694F7 /* Debug */ = {
			isa = XCBuildConfiguration;
			buildSettings = {
				ALWAYS_SEARCH_USER_PATHS = NO;
				CLANG_ANALYZER_NONNULL = YES;
				CLANG_CXX_LANGUAGE_STANDARD = "gnu++0x";
				CLANG_CXX_LIBRARY = "libc++";
				CLANG_ENABLE_MODULES = YES;
				CLANG_ENABLE_OBJC_ARC = YES;
				CLANG_WARN_BOOL_CONVERSION = YES;
				CLANG_WARN_CONSTANT_CONVERSION = YES;
				CLANG_WARN_DIRECT_OBJC_ISA_USAGE = YES_ERROR;
				CLANG_WARN_DOCUMENTATION_COMMENTS = YES;
				CLANG_WARN_EMPTY_BODY = YES;
				CLANG_WARN_ENUM_CONVERSION = YES;
				CLANG_WARN_INFINITE_RECURSION = YES;
				CLANG_WARN_INT_CONVERSION = YES;
				CLANG_WARN_OBJC_ROOT_CLASS = YES_ERROR;
				CLANG_WARN_SUSPICIOUS_MOVE = YES;
				CLANG_WARN_UNREACHABLE_CODE = YES;
				CLANG_WARN__DUPLICATE_METHOD_MATCH = YES;
				"CODE_SIGN_IDENTITY[sdk=iphoneos*]" = "iPhone Developer";
				COPY_PHASE_STRIP = NO;
				DEBUG_INFORMATION_FORMAT = dwarf;
				ENABLE_STRICT_OBJC_MSGSEND = YES;
				ENABLE_TESTABILITY = YES;
				GCC_C_LANGUAGE_STANDARD = gnu99;
				GCC_DYNAMIC_NO_PIC = NO;
				GCC_NO_COMMON_BLOCKS = YES;
				GCC_OPTIMIZATION_LEVEL = 0;
				GCC_PREPROCESSOR_DEFINITIONS = (
					"DEBUG=1",
					"$(inherited)",
				);
				GCC_WARN_64_TO_32_BIT_CONVERSION = YES;
				GCC_WARN_ABOUT_RETURN_TYPE = YES_ERROR;
				GCC_WARN_UNDECLARED_SELECTOR = YES;
				GCC_WARN_UNINITIALIZED_AUTOS = YES_AGGRESSIVE;
				GCC_WARN_UNUSED_FUNCTION = YES;
				GCC_WARN_UNUSED_VARIABLE = YES;
				IPHONEOS_DEPLOYMENT_TARGET = 10.2;
				MTL_ENABLE_DEBUG_INFO = YES;
				ONLY_ACTIVE_ARCH = YES;
				SDKROOT = iphoneos;
				SWIFT_ACTIVE_COMPILATION_CONDITIONS = DEBUG;
				SWIFT_OPTIMIZATION_LEVEL = "-Onone";
			};
			name = Debug;
		};
		F23DC5F21E34997200C694F7 /* Release */ = {
			isa = XCBuildConfiguration;
			buildSettings = {
				ALWAYS_SEARCH_USER_PATHS = NO;
				CLANG_ANALYZER_NONNULL = YES;
				CLANG_CXX_LANGUAGE_STANDARD = "gnu++0x";
				CLANG_CXX_LIBRARY = "libc++";
				CLANG_ENABLE_MODULES = YES;
				CLANG_ENABLE_OBJC_ARC = YES;
				CLANG_WARN_BOOL_CONVERSION = YES;
				CLANG_WARN_CONSTANT_CONVERSION = YES;
				CLANG_WARN_DIRECT_OBJC_ISA_USAGE = YES_ERROR;
				CLANG_WARN_DOCUMENTATION_COMMENTS = YES;
				CLANG_WARN_EMPTY_BODY = YES;
				CLANG_WARN_ENUM_CONVERSION = YES;
				CLANG_WARN_INFINITE_RECURSION = YES;
				CLANG_WARN_INT_CONVERSION = YES;
				CLANG_WARN_OBJC_ROOT_CLASS = YES_ERROR;
				CLANG_WARN_SUSPICIOUS_MOVE = YES;
				CLANG_WARN_UNREACHABLE_CODE = YES;
				CLANG_WARN__DUPLICATE_METHOD_MATCH = YES;
				"CODE_SIGN_IDENTITY[sdk=iphoneos*]" = "iPhone Developer";
				COPY_PHASE_STRIP = NO;
				DEBUG_INFORMATION_FORMAT = "dwarf-with-dsym";
				ENABLE_NS_ASSERTIONS = NO;
				ENABLE_STRICT_OBJC_MSGSEND = YES;
				GCC_C_LANGUAGE_STANDARD = gnu99;
				GCC_NO_COMMON_BLOCKS = YES;
				GCC_WARN_64_TO_32_BIT_CONVERSION = YES;
				GCC_WARN_ABOUT_RETURN_TYPE = YES_ERROR;
				GCC_WARN_UNDECLARED_SELECTOR = YES;
				GCC_WARN_UNINITIALIZED_AUTOS = YES_AGGRESSIVE;
				GCC_WARN_UNUSED_FUNCTION = YES;
				GCC_WARN_UNUSED_VARIABLE = YES;
				IPHONEOS_DEPLOYMENT_TARGET = 10.2;
				MTL_ENABLE_DEBUG_INFO = NO;
				SDKROOT = iphoneos;
				SWIFT_OPTIMIZATION_LEVEL = "-Owholemodule";
				VALIDATE_PRODUCT = YES;
			};
			name = Release;
		};
		F23DC5F41E34997200C694F7 /* Debug */ = {
			isa = XCBuildConfiguration;
			baseConfigurationReference = 8BC8BF95221E3A4D747A024D /* Pods-AFNetwork-with-YYCache.debug.xcconfig */;
			buildSettings = {
				ASSETCATALOG_COMPILER_APPICON_NAME = AppIcon;
				INFOPLIST_FILE = "AFNetwork-with-YYCache/Info.plist";
				LD_RUNPATH_SEARCH_PATHS = "$(inherited) @executable_path/Frameworks";
				PRODUCT_BUNDLE_IDENTIFIER = "com.qiuncheng.AFNetwork-with-YYCache";
				PRODUCT_NAME = "$(TARGET_NAME)";
				SWIFT_VERSION = 3.0;
			};
			name = Debug;
		};
		F23DC5F51E34997200C694F7 /* Release */ = {
			isa = XCBuildConfiguration;
			baseConfigurationReference = BDEFCEEEEC17B1EF8D427C8E /* Pods-AFNetwork-with-YYCache.release.xcconfig */;
			buildSettings = {
				ASSETCATALOG_COMPILER_APPICON_NAME = AppIcon;
				INFOPLIST_FILE = "AFNetwork-with-YYCache/Info.plist";
				LD_RUNPATH_SEARCH_PATHS = "$(inherited) @executable_path/Frameworks";
				PRODUCT_BUNDLE_IDENTIFIER = "com.qiuncheng.AFNetwork-with-YYCache";
				PRODUCT_NAME = "$(TARGET_NAME)";
				SWIFT_VERSION = 3.0;
			};
			name = Release;
		};
/* End XCBuildConfiguration section */

/* Begin XCConfigurationList section */
		F23DC5DC1E34997200C694F7 /* Build configuration list for PBXProject "AFNetwork-with-YYCache" */ = {
			isa = XCConfigurationList;
			buildConfigurations = (
				F23DC5F11E34997200C694F7 /* Debug */,
				F23DC5F21E34997200C694F7 /* Release */,
			);
			defaultConfigurationIsVisible = 0;
			defaultConfigurationName = Release;
		};
		F23DC5F31E34997200C694F7 /* Build configuration list for PBXNativeTarget "AFNetwork-with-YYCache" */ = {
			isa = XCConfigurationList;
			buildConfigurations = (
				F23DC5F41E34997200C694F7 /* Debug */,
				F23DC5F51E34997200C694F7 /* Release */,
			);
			defaultConfigurationIsVisible = 0;
		};
/* End XCConfigurationList section */
	};
	rootObject = F23DC5D91E34997200C694F7 /* Project object */;
}
