// !$*UTF8*$!
{
	archiveVersion = 1;
	classes = {
	};
	objectVersion = 46;
	objects = {

/* Begin PBXBuildFile section */
		868F6E501DB2737B0077D257 /* main.m in Sources */ = {isa = PBXBuildFile; fileRef = 868F6E4F1DB2737B0077D257 /* main.m */; };
		868F6E581DB273850077D257 /* Person.m in Sources */ = {isa = PBXBuildFile; fileRef = 868F6E571DB273850077D257 /* Person.m */; };
		868F6E5B1DB2738E0077D257 /* Student.m in Sources */ = {isa = PBXBuildFile; fileRef = 868F6E5A1DB2738E0077D257 /* Student.m */; };
		868F6E611DB274580077D257 /* Student+test.m in Sources */ = {isa = PBXBuildFile; fileRef = 868F6E601DB274580077D257 /* Student+test.m */; };
/* End PBXBuildFile section */

/* Begin PBXCopyFilesBuildPhase section */
		868F6E4A1DB2737B0077D257 /* CopyFiles */ = {
			isa = PBXCopyFilesBuildPhase;
			buildActionMask = 2147483647;
			dstPath = /usr/share/man/man1/;
			dstSubfolderSpec = 0;
			files = (
			);
			runOnlyForDeploymentPostprocessing = 1;
		};
/* End PBXCopyFilesBuildPhase section */

/* Begin PBXFileReference section */
		868F6E4C1DB2737B0077D257 /* QCTest */ = {isa = PBXFileReference; explicitFileType = "compiled.mach-o.executable"; includeInIndex = 0; path = QCTest; sourceTree = BUILT_PRODUCTS_DIR; };
		868F6E4F1DB2737B0077D257 /* main.m */ = {isa = PBXFileReference; lastKnownFileType = sourcecode.c.objc; path = main.m; sourceTree = "<group>"; };
		868F6E561DB273850077D257 /* Person.h */ = {isa = PBXFileReference; fileEncoding = 4; lastKnownFileType = sourcecode.c.h; path = Person.h; sourceTree = "<group>"; };
		868F6E571DB273850077D257 /* Person.m */ = {isa = PBXFileReference; fileEncoding = 4; lastKnownFileType = sourcecode.c.objc; path = Person.m; sourceTree = "<group>"; };
		868F6E591DB2738E0077D257 /* Student.h */ = {isa = PBXFileReference; fileEncoding = 4; lastKnownFileType = sourcecode.c.h; path = Student.h; sourceTree = "<group>"; };
		868F6E5A1DB2738E0077D257 /* Student.m */ = {isa = PBXFileReference; fileEncoding = 4; lastKnownFileType = sourcecode.c.objc; path = Student.m; sourceTree = "<group>"; };
		868F6E5F1DB274580077D257 /* Student+test.h */ = {isa = PBXFileReference; fileEncoding = 4; lastKnownFileType = sourcecode.c.h; path = "Student+test.h"; sourceTree = "<group>"; };
		868F6E601DB274580077D257 /* Student+test.m */ = {isa = PBXFileReference; fileEncoding = 4; lastKnownFileType = sourcecode.c.objc; path = "Student+test.m"; sourceTree = "<group>"; };
/* End PBXFileReference section */

/* Begin PBXFrameworksBuildPhase section */
		868F6E491DB2737B0077D257 /* Frameworks */ = {
			isa = PBXFrameworksBuildPhase;
			buildActionMask = 2147483647;
			files = (
			);
			runOnlyForDeploymentPostprocessing = 0;
		};
/* End PBXFrameworksBuildPhase section */

/* Begin PBXGroup section */
		868F6E431DB2737B0077D257 = {
			isa = PBXGroup;
			children = (
				868F6E4E1DB2737B0077D257 /* QCTest */,
				868F6E4D1DB2737B0077D257 /* Products */,
			);
			sourceTree = "<group>";
		};
		868F6E4D1DB2737B0077D257 /* Products */ = {
			isa = PBXGroup;
			children = (
				868F6E4C1DB2737B0077D257 /* QCTest */,
			);
			name = Products;
			sourceTree = "<group>";
		};
		868F6E4E1DB2737B0077D257 /* QCTest */ = {
			isa = PBXGroup;
			children = (
				868F6E4F1DB2737B0077D257 /* main.m */,
				868F6E5F1DB274580077D257 /* Student+test.h */,
				868F6E601DB274580077D257 /* Student+test.m */,
				868F6E561DB273850077D257 /* Person.h */,
				868F6E571DB273850077D257 /* Person.m */,
				868F6E591DB2738E0077D257 /* Student.h */,
				868F6E5A1DB2738E0077D257 /* Student.m */,
			);
			path = QCTest;
			sourceTree = "<group>";
		};
/* End PBXGroup section */

/* Begin PBXNativeTarget section */
		868F6E4B1DB2737B0077D257 /* QCTest */ = {
			isa = PBXNativeTarget;
			buildConfigurationList = 868F6E531DB2737B0077D257 /* Build configuration list for PBXNativeTarget "QCTest" */;
			buildPhases = (
				868F6E481DB2737B0077D257 /* Sources */,
				868F6E491DB2737B0077D257 /* Frameworks */,
				868F6E4A1DB2737B0077D257 /* CopyFiles */,
			);
			buildRules = (
			);
			dependencies = (
			);
			name = QCTest;
			productName = QCTest;
			productReference = 868F6E4C1DB2737B0077D257 /* QCTest */;
			productType = "com.apple.product-type.tool";
		};
/* End PBXNativeTarget section */

/* Begin PBXProject section */
		868F6E441DB2737B0077D257 /* Project object */ = {
			isa = PBXProject;
			attributes = {
				LastUpgradeCheck = 0800;
				ORGANIZATIONNAME = qiuncheng.com;
				TargetAttributes = {
					868F6E4B1DB2737B0077D257 = {
						CreatedOnToolsVersion = 8.0;
						DevelopmentTeam = 57EP4P69NV;
						ProvisioningStyle = Automatic;
					};
				};
			};
			buildConfigurationList = 868F6E471DB2737B0077D257 /* Build configuration list for PBXProject "QCTest" */;
			compatibilityVersion = "Xcode 3.2";
			developmentRegion = English;
			hasScannedForEncodings = 0;
			knownRegions = (
				en,
			);
			mainGroup = 868F6E431DB2737B0077D257;
			productRefGroup = 868F6E4D1DB2737B0077D257 /* Products */;
			projectDirPath = "";
			projectRoot = "";
			targets = (
				868F6E4B1DB2737B0077D257 /* QCTest */,
			);
		};
/* End PBXProject section */

/* Begin PBXSourcesBuildPhase section */
		868F6E481DB2737B0077D257 /* Sources */ = {
			isa = PBXSourcesBuildPhase;
			buildActionMask = 2147483647;
			files = (
				868F6E581DB273850077D257 /* Person.m in Sources */,
				868F6E501DB2737B0077D257 /* main.m in Sources */,
				868F6E5B1DB2738E0077D257 /* Student.m in Sources */,
				868F6E611DB274580077D257 /* Student+test.m in Sources */,
			);
			runOnlyForDeploymentPostprocessing = 0;
		};
/* End PBXSourcesBuildPhase section */

/* Begin XCBuildConfiguration section */
		868F6E511DB2737B0077D257 /* Debug */ = {
			isa = XCBuildConfiguration;
			buildSettings = {
				ALWAYS_SEARCH_USER_PATHS = NO;
				CLANG_ANALYZER_NONNULL = YES;
				CLANG_CXX_LANGUAGE_STANDARD = "gnu++0x";
				CLANG_CXX_LIBRARY = "libc++";
				CLANG_ENABLE_MODULES = YES;
				CLANG_ENABLE_OBJC_ARC = YES;
				CLANG_WARN_BOOL_CONVERSION = YES;
				CLANG_WARN_CONSTANT_CONVERSION = YES;
				CLANG_WARN_DIRECT_OBJC_ISA_USAGE = YES_ERROR;
				CLANG_WARN_DOCUMENTATION_COMMENTS = YES;
				CLANG_WARN_EMPTY_BODY = YES;
				CLANG_WARN_ENUM_CONVERSION = YES;
				CLANG_WARN_INFINITE_RECURSION = YES;
				CLANG_WARN_INT_CONVERSION = YES;
				CLANG_WARN_OBJC_ROOT_CLASS = YES_ERROR;
				CLANG_WARN_SUSPICIOUS_MOVES = YES;
				CLANG_WARN_UNREACHABLE_CODE = YES;
				CLANG_WARN__DUPLICATE_METHOD_MATCH = YES;
				CODE_SIGN_IDENTITY = "-";
				COPY_PHASE_STRIP = NO;
				DEBUG_INFORMATION_FORMAT = dwarf;
				ENABLE_STRICT_OBJC_MSGSEND = YES;
				ENABLE_TESTABILITY = YES;
				GCC_C_LANGUAGE_STANDARD = gnu99;
				GCC_DYNAMIC_NO_PIC = NO;
				GCC_NO_COMMON_BLOCKS = YES;
				GCC_OPTIMIZATION_LEVEL = 0;
				GCC_PREPROCESSOR_DEFINITIONS = (
					"DEBUG=1",
					"$(inherited)",
				);
				GCC_WARN_64_TO_32_BIT_CONVERSION = YES;
				GCC_WARN_ABOUT_RETURN_TYPE = YES_ERROR;
				GCC_WARN_UNDECLARED_SELECTOR = YES;
				GCC_WARN_UNINITIALIZED_AUTOS = YES_AGGRESSIVE;
				GCC_WARN_UNUSED_FUNCTION = YES;
				GCC_WARN_UNUSED_VARIABLE = YES;
				MACOSX_DEPLOYMENT_TARGET = 10.12;
				MTL_ENABLE_DEBUG_INFO = YES;
				ONLY_ACTIVE_ARCH = YES;
				SDKROOT = macosx;
			};
			name = Debug;
		};
		868F6E521DB2737B0077D257 /* Release */ = {
			isa = XCBuildConfiguration;
			buildSettings = {
				ALWAYS_SEARCH_USER_PATHS = NO;
				CLANG_ANALYZER_NONNULL = YES;
				CLANG_CXX_LANGUAGE_STANDARD = "gnu++0x";
				CLANG_CXX_LIBRARY = "libc++";
				CLANG_ENABLE_MODULES = YES;
				CLANG_ENABLE_OBJC_ARC = YES;
				CLANG_WARN_BOOL_CONVERSION = YES;
				CLANG_WARN_CONSTANT_CONVERSION = YES;
				CLANG_WARN_DIRECT_OBJC_ISA_USAGE = YES_ERROR;
				CLANG_WARN_DOCUMENTATION_COMMENTS = YES;
				CLANG_WARN_EMPTY_BODY = YES;
				CLANG_WARN_ENUM_CONVERSION = YES;
				CLANG_WARN_INFINITE_RECURSION = YES;
				CLANG_WARN_INT_CONVERSION = YES;
				CLANG_WARN_OBJC_ROOT_CLASS = YES_ERROR;
				CLANG_WARN_SUSPICIOUS_MOVES = YES;
				CLANG_WARN_UNREACHABLE_CODE = YES;
				CLANG_WARN__DUPLICATE_METHOD_MATCH = YES;
				CODE_SIGN_IDENTITY = "-";
				COPY_PHASE_STRIP = NO;
				DEBUG_INFORMATION_FORMAT = "dwarf-with-dsym";
				ENABLE_NS_ASSERTIONS = NO;
				ENABLE_STRICT_OBJC_MSGSEND = YES;
				GCC_C_LANGUAGE_STANDARD = gnu99;
				GCC_NO_COMMON_BLOCKS = YES;
				GCC_WARN_64_TO_32_BIT_CONVERSION = YES;
				GCC_WARN_ABOUT_RETURN_TYPE = YES_ERROR;
				GCC_WARN_UNDECLARED_SELECTOR = YES;
				GCC_WARN_UNINITIALIZED_AUTOS = YES_AGGRESSIVE;
				GCC_WARN_UNUSED_FUNCTION = YES;
				GCC_WARN_UNUSED_VARIABLE = YES;
				MACOSX_DEPLOYMENT_TARGET = 10.12;
				MTL_ENABLE_DEBUG_INFO = NO;
				SDKROOT = macosx;
			};
			name = Release;
		};
		868F6E541DB2737B0077D257 /* Debug */ = {
			isa = XCBuildConfiguration;
			buildSettings = {
				DEVELOPMENT_TEAM = 57EP4P69NV;
				PRODUCT_NAME = "$(TARGET_NAME)";
			};
			name = Debug;
		};
		868F6E551DB2737B0077D257 /* Release */ = {
			isa = XCBuildConfiguration;
			buildSettings = {
				DEVELOPMENT_TEAM = 57EP4P69NV;
				PRODUCT_NAME = "$(TARGET_NAME)";
			};
			name = Release;
		};
/* End XCBuildConfiguration section */

/* Begin XCConfigurationList section */
		868F6E471DB2737B0077D257 /* Build configuration list for PBXProject "QCTest" */ = {
			isa = XCConfigurationList;
			buildConfigurations = (
				868F6E511DB2737B0077D257 /* Debug */,
				868F6E521DB2737B0077D257 /* Release */,
			);
			defaultConfigurationIsVisible = 0;
			defaultConfigurationName = Release;
		};
		868F6E531DB2737B0077D257 /* Build configuration list for PBXNativeTarget "QCTest" */ = {
			isa = XCConfigurationList;
			buildConfigurations = (
				868F6E541DB2737B0077D257 /* Debug */,
				868F6E551DB2737B0077D257 /* Release */,
			);
			defaultConfigurationIsVisible = 0;
		};
/* End XCConfigurationList section */
	};
	rootObject = 868F6E441DB2737B0077D257 /* Project object */;
}
