// !$*UTF8*$!
{
	archiveVersion = 1;
	classes = {
	};
	objectVersion = 46;
	objects = {

/* Begin PBXBuildFile section */
		2373D093AC26320F754E3F38 /* Pods_FMDBDemo.framework in Frameworks */ = {isa = PBXBuildFile; fileRef = A22000C6C2D5E6C84C070B93 /* Pods_FMDBDemo.framework */; };
		86BEDEBF1DCF855700B03DB3 /* main.m in Sources */ = {isa = PBXBuildFile; fileRef = 86BEDEBE1DCF855700B03DB3 /* main.m */; };
		86BEDEC21DCF855700B03DB3 /* AppDelegate.m in Sources */ = {isa = PBXBuildFile; fileRef = 86BEDEC11DCF855700B03DB3 /* AppDelegate.m */; };
		86BEDEC51DCF855700B03DB3 /* ViewController.m in Sources */ = {isa = PBXBuildFile; fileRef = 86BEDEC41DCF855700B03DB3 /* ViewController.m */; };
		86BEDEC81DCF855700B03DB3 /* Main.storyboard in Resources */ = {isa = PBXBuildFile; fileRef = 86BEDEC61DCF855700B03DB3 /* Main.storyboard */; };
		86BEDECA1DCF855700B03DB3 /* Assets.xcassets in Resources */ = {isa = PBXBuildFile; fileRef = 86BEDEC91DCF855700B03DB3 /* Assets.xcassets */; };
		86BEDECD1DCF855700B03DB3 /* LaunchScreen.storyboard in Resources */ = {isa = PBXBuildFile; fileRef = 86BEDECB1DCF855700B03DB3 /* LaunchScreen.storyboard */; };
		86BEDED51DCF8ACC00B03DB3 /* Student.sqlite in Resources */ = {isa = PBXBuildFile; fileRef = 86BEDED41DCF8ACC00B03DB3 /* Student.sqlite */; };
		86BEDED81DCF8BD700B03DB3 /* FMDBManager.m in Sources */ = {isa = PBXBuildFile; fileRef = 86BEDED71DCF8BD700B03DB3 /* FMDBManager.m */; };
/* End PBXBuildFile section */

/* Begin PBXFileReference section */
		4561D4EB038CBD73A38725BB /* Pods-FMDBDemo.debug.xcconfig */ = {isa = PBXFileReference; includeInIndex = 1; lastKnownFileType = text.xcconfig; name = "Pods-FMDBDemo.debug.xcconfig"; path = "Pods/Target Support Files/Pods-FMDBDemo/Pods-FMDBDemo.debug.xcconfig"; sourceTree = "<group>"; };
		61929BA32EC6D2C028150C94 /* Pods-FMDBDemo.release.xcconfig */ = {isa = PBXFileReference; includeInIndex = 1; lastKnownFileType = text.xcconfig; name = "Pods-FMDBDemo.release.xcconfig"; path = "Pods/Target Support Files/Pods-FMDBDemo/Pods-FMDBDemo.release.xcconfig"; sourceTree = "<group>"; };
		86BEDEBA1DCF855600B03DB3 /* FMDBDemo.app */ = {isa = PBXFileReference; explicitFileType = wrapper.application; includeInIndex = 0; path = FMDBDemo.app; sourceTree = BUILT_PRODUCTS_DIR; };
		86BEDEBE1DCF855700B03DB3 /* main.m */ = {isa = PBXFileReference; lastKnownFileType = sourcecode.c.objc; path = main.m; sourceTree = "<group>"; };
		86BEDEC01DCF855700B03DB3 /* AppDelegate.h */ = {isa = PBXFileReference; lastKnownFileType = sourcecode.c.h; path = AppDelegate.h; sourceTree = "<group>"; };
		86BEDEC11DCF855700B03DB3 /* AppDelegate.m */ = {isa = PBXFileReference; lastKnownFileType = sourcecode.c.objc; path = AppDelegate.m; sourceTree = "<group>"; };
		86BEDEC31DCF855700B03DB3 /* ViewController.h */ = {isa = PBXFileReference; lastKnownFileType = sourcecode.c.h; path = ViewController.h; sourceTree = "<group>"; };
		86BEDEC41DCF855700B03DB3 /* ViewController.m */ = {isa = PBXFileReference; lastKnownFileType = sourcecode.c.objc; path = ViewController.m; sourceTree = "<group>"; };
		86BEDEC71DCF855700B03DB3 /* Base */ = {isa = PBXFileReference; lastKnownFileType = file.storyboard; name = Base; path = Base.lproj/Main.storyboard; sourceTree = "<group>"; };
		86BEDEC91DCF855700B03DB3 /* Assets.xcassets */ = {isa = PBXFileReference; lastKnownFileType = folder.assetcatalog; path = Assets.xcassets; sourceTree = "<group>"; };
		86BEDECC1DCF855700B03DB3 /* Base */ = {isa = PBXFileReference; lastKnownFileType = file.storyboard; name = Base; path = Base.lproj/LaunchScreen.storyboard; sourceTree = "<group>"; };
		86BEDECE1DCF855700B03DB3 /* Info.plist */ = {isa = PBXFileReference; lastKnownFileType = text.plist.xml; path = Info.plist; sourceTree = "<group>"; };
		86BEDED41DCF8ACC00B03DB3 /* Student.sqlite */ = {isa = PBXFileReference; fileEncoding = 4; lastKnownFileType = text; path = Student.sqlite; sourceTree = "<group>"; };
		86BEDED61DCF8BD700B03DB3 /* FMDBManager.h */ = {isa = PBXFileReference; fileEncoding = 4; lastKnownFileType = sourcecode.c.h; path = FMDBManager.h; sourceTree = "<group>"; };
		86BEDED71DCF8BD700B03DB3 /* FMDBManager.m */ = {isa = PBXFileReference; fileEncoding = 4; lastKnownFileType = sourcecode.c.objc; path = FMDBManager.m; sourceTree = "<group>"; };
		A22000C6C2D5E6C84C070B93 /* Pods_FMDBDemo.framework */ = {isa = PBXFileReference; explicitFileType = wrapper.framework; includeInIndex = 0; path = Pods_FMDBDemo.framework; sourceTree = BUILT_PRODUCTS_DIR; };
/* End PBXFileReference section */

/* Begin PBXFrameworksBuildPhase section */
		86BEDEB71DCF855600B03DB3 /* Frameworks */ = {
			isa = PBXFrameworksBuildPhase;
			buildActionMask = 2147483647;
			files = (
				2373D093AC26320F754E3F38 /* Pods_FMDBDemo.framework in Frameworks */,
			);
			runOnlyForDeploymentPostprocessing = 0;
		};
/* End PBXFrameworksBuildPhase section */

/* Begin PBXGroup section */
		05474AADFE18C7F5E7628C9D /* Frameworks */ = {
			isa = PBXGroup;
			children = (
				A22000C6C2D5E6C84C070B93 /* Pods_FMDBDemo.framework */,
			);
			name = Frameworks;
			sourceTree = "<group>";
		};
		86BEDEB11DCF855600B03DB3 = {
			isa = PBXGroup;
			children = (
				86BEDEBC1DCF855700B03DB3 /* FMDBDemo */,
				86BEDEBB1DCF855600B03DB3 /* Products */,
				D0C553B9A5C4E01758D94B08 /* Pods */,
				05474AADFE18C7F5E7628C9D /* Frameworks */,
			);
			sourceTree = "<group>";
		};
		86BEDEBB1DCF855600B03DB3 /* Products */ = {
			isa = PBXGroup;
			children = (
				86BEDEBA1DCF855600B03DB3 /* FMDBDemo.app */,
			);
			name = Products;
			sourceTree = "<group>";
		};
		86BEDEBC1DCF855700B03DB3 /* FMDBDemo */ = {
			isa = PBXGroup;
			children = (
				86BEDEC01DCF855700B03DB3 /* AppDelegate.h */,
				86BEDEC11DCF855700B03DB3 /* AppDelegate.m */,
				86BEDEC31DCF855700B03DB3 /* ViewController.h */,
				86BEDEC41DCF855700B03DB3 /* ViewController.m */,
				86BEDED61DCF8BD700B03DB3 /* FMDBManager.h */,
				86BEDED71DCF8BD700B03DB3 /* FMDBManager.m */,
				86BEDEC61DCF855700B03DB3 /* Main.storyboard */,
				86BEDEC91DCF855700B03DB3 /* Assets.xcassets */,
				86BEDECB1DCF855700B03DB3 /* LaunchScreen.storyboard */,
				86BEDECE1DCF855700B03DB3 /* Info.plist */,
				86BEDEBD1DCF855700B03DB3 /* Supporting Files */,
			);
			path = FMDBDemo;
			sourceTree = "<group>";
		};
		86BEDEBD1DCF855700B03DB3 /* Supporting Files */ = {
			isa = PBXGroup;
			children = (
				86BEDEBE1DCF855700B03DB3 /* main.m */,
				86BEDED41DCF8ACC00B03DB3 /* Student.sqlite */,
			);
			name = "Supporting Files";
			sourceTree = "<group>";
		};
		D0C553B9A5C4E01758D94B08 /* Pods */ = {
			isa = PBXGroup;
			children = (
				4561D4EB038CBD73A38725BB /* Pods-FMDBDemo.debug.xcconfig */,
				61929BA32EC6D2C028150C94 /* Pods-FMDBDemo.release.xcconfig */,
			);
			name = Pods;
			sourceTree = "<group>";
		};
/* End PBXGroup section */

/* Begin PBXNativeTarget section */
		86BEDEB91DCF855600B03DB3 /* FMDBDemo */ = {
			isa = PBXNativeTarget;
			buildConfigurationList = 86BEDED11DCF855700B03DB3 /* Build configuration list for PBXNativeTarget "FMDBDemo" */;
			buildPhases = (
				DFE8DB15D512A416E8DF218F /* [CP] Check Pods Manifest.lock */,
				86BEDEB61DCF855600B03DB3 /* Sources */,
				86BEDEB71DCF855600B03DB3 /* Frameworks */,
				86BEDEB81DCF855600B03DB3 /* Resources */,
				2F28C094B5930BDA7A8C95A8 /* [CP] Embed Pods Frameworks */,
				106DD183CD292E8E4627490B /* [CP] Copy Pods Resources */,
			);
			buildRules = (
			);
			dependencies = (
			);
			name = FMDBDemo;
			productName = FMDBDemo;
			productReference = 86BEDEBA1DCF855600B03DB3 /* FMDBDemo.app */;
			productType = "com.apple.product-type.application";
		};
/* End PBXNativeTarget section */

/* Begin PBXProject section */
		86BEDEB21DCF855600B03DB3 /* Project object */ = {
			isa = PBXProject;
			attributes = {
				LastUpgradeCheck = 0810;
				ORGANIZATIONNAME = qiuncheng.com;
				TargetAttributes = {
					86BEDEB91DCF855600B03DB3 = {
						CreatedOnToolsVersion = 8.1;
						DevelopmentTeam = 57EP4P69NV;
						ProvisioningStyle = Automatic;
					};
				};
			};
			buildConfigurationList = 86BEDEB51DCF855600B03DB3 /* Build configuration list for PBXProject "FMDBDemo" */;
			compatibilityVersion = "Xcode 3.2";
			developmentRegion = English;
			hasScannedForEncodings = 0;
			knownRegions = (
				en,
				Base,
			);
			mainGroup = 86BEDEB11DCF855600B03DB3;
			productRefGroup = 86BEDEBB1DCF855600B03DB3 /* Products */;
			projectDirPath = "";
			projectRoot = "";
			targets = (
				86BEDEB91DCF855600B03DB3 /* FMDBDemo */,
			);
		};
/* End PBXProject section */

/* Begin PBXResourcesBuildPhase section */
		86BEDEB81DCF855600B03DB3 /* Resources */ = {
			isa = PBXResourcesBuildPhase;
			buildActionMask = 2147483647;
			files = (
				86BEDECD1DCF855700B03DB3 /* LaunchScreen.storyboard in Resources */,
				86BEDED51DCF8ACC00B03DB3 /* Student.sqlite in Resources */,
				86BEDECA1DCF855700B03DB3 /* Assets.xcassets in Resources */,
				86BEDEC81DCF855700B03DB3 /* Main.storyboard in Resources */,
			);
			runOnlyForDeploymentPostprocessing = 0;
		};
/* End PBXResourcesBuildPhase section */

/* Begin PBXShellScriptBuildPhase section */
		106DD183CD292E8E4627490B /* [CP] Copy Pods Resources */ = {
			isa = PBXShellScriptBuildPhase;
			buildActionMask = 2147483647;
			files = (
			);
			inputPaths = (
			);
			name = "[CP] Copy Pods Resources";
			outputPaths = (
			);
			runOnlyForDeploymentPostprocessing = 0;
			shellPath = /bin/sh;
			shellScript = "\"${SRCROOT}/Pods/Target Support Files/Pods-FMDBDemo/Pods-FMDBDemo-resources.sh\"\n";
			showEnvVarsInLog = 0;
		};
		2F28C094B5930BDA7A8C95A8 /* [CP] Embed Pods Frameworks */ = {
			isa = PBXShellScriptBuildPhase;
			buildActionMask = 2147483647;
			files = (
			);
			inputPaths = (
			);
			name = "[CP] Embed Pods Frameworks";
			outputPaths = (
			);
			runOnlyForDeploymentPostprocessing = 0;
			shellPath = /bin/sh;
			shellScript = "\"${SRCROOT}/Pods/Target Support Files/Pods-FMDBDemo/Pods-FMDBDemo-frameworks.sh\"\n";
			showEnvVarsInLog = 0;
		};
		DFE8DB15D512A416E8DF218F /* [CP] Check Pods Manifest.lock */ = {
			isa = PBXShellScriptBuildPhase;
			buildActionMask = 2147483647;
			files = (
			);
			inputPaths = (
			);
			name = "[CP] Check Pods Manifest.lock";
			outputPaths = (
			);
			runOnlyForDeploymentPostprocessing = 0;
			shellPath = /bin/sh;
			shellScript = "diff \"${PODS_ROOT}/../Podfile.lock\" \"${PODS_ROOT}/Manifest.lock\" > /dev/null\nif [ $? != 0 ] ; then\n    # print error to STDERR\n    echo \"error: The sandbox is not in sync with the Podfile.lock. Run 'pod install' or update your CocoaPods installation.\" >&2\n    exit 1\nfi\n";
			showEnvVarsInLog = 0;
		};
/* End PBXShellScriptBuildPhase section */

/* Begin PBXSourcesBuildPhase section */
		86BEDEB61DCF855600B03DB3 /* Sources */ = {
			isa = PBXSourcesBuildPhase;
			buildActionMask = 2147483647;
			files = (
				86BEDED81DCF8BD700B03DB3 /* FMDBManager.m in Sources */,
				86BEDEC51DCF855700B03DB3 /* ViewController.m in Sources */,
				86BEDEC21DCF855700B03DB3 /* AppDelegate.m in Sources */,
				86BEDEBF1DCF855700B03DB3 /* main.m in Sources */,
			);
			runOnlyForDeploymentPostprocessing = 0;
		};
/* End PBXSourcesBuildPhase section */

/* Begin PBXVariantGroup section */
		86BEDEC61DCF855700B03DB3 /* Main.storyboard */ = {
			isa = PBXVariantGroup;
			children = (
				86BEDEC71DCF855700B03DB3 /* Base */,
			);
			name = Main.storyboard;
			sourceTree = "<group>";
		};
		86BEDECB1DCF855700B03DB3 /* LaunchScreen.storyboard */ = {
			isa = PBXVariantGroup;
			children = (
				86BEDECC1DCF855700B03DB3 /* Base */,
			);
			name = LaunchScreen.storyboard;
			sourceTree = "<group>";
		};
/* End PBXVariantGroup section */

/* Begin XCBuildConfiguration section */
		86BEDECF1DCF855700B03DB3 /* Debug */ = {
			isa = XCBuildConfiguration;
			buildSettings = {
				ALWAYS_SEARCH_USER_PATHS = NO;
				CLANG_ANALYZER_NONNULL = YES;
				CLANG_CXX_LANGUAGE_STANDARD = "gnu++0x";
				CLANG_CXX_LIBRARY = "libc++";
				CLANG_ENABLE_MODULES = YES;
				CLANG_ENABLE_OBJC_ARC = YES;
				CLANG_WARN_BOOL_CONVERSION = YES;
				CLANG_WARN_CONSTANT_CONVERSION = YES;
				CLANG_WARN_DIRECT_OBJC_ISA_USAGE = YES_ERROR;
				CLANG_WARN_DOCUMENTATION_COMMENTS = YES;
				CLANG_WARN_EMPTY_BODY = YES;
				CLANG_WARN_ENUM_CONVERSION = YES;
				CLANG_WARN_INFINITE_RECURSION = YES;
				CLANG_WARN_INT_CONVERSION = YES;
				CLANG_WARN_OBJC_ROOT_CLASS = YES_ERROR;
				CLANG_WARN_SUSPICIOUS_MOVE = YES;
				CLANG_WARN_SUSPICIOUS_MOVES = YES;
				CLANG_WARN_UNREACHABLE_CODE = YES;
				CLANG_WARN__DUPLICATE_METHOD_MATCH = YES;
				"CODE_SIGN_IDENTITY[sdk=iphoneos*]" = "iPhone Developer";
				COPY_PHASE_STRIP = NO;
				DEBUG_INFORMATION_FORMAT = dwarf;
				ENABLE_STRICT_OBJC_MSGSEND = YES;
				ENABLE_TESTABILITY = YES;
				GCC_C_LANGUAGE_STANDARD = gnu99;
				GCC_DYNAMIC_NO_PIC = NO;
				GCC_NO_COMMON_BLOCKS = YES;
				GCC_OPTIMIZATION_LEVEL = 0;
				GCC_PREPROCESSOR_DEFINITIONS = (
					"DEBUG=1",
					"$(inherited)",
				);
				GCC_WARN_64_TO_32_BIT_CONVERSION = YES;
				GCC_WARN_ABOUT_RETURN_TYPE = YES_ERROR;
				GCC_WARN_UNDECLARED_SELECTOR = YES;
				GCC_WARN_UNINITIALIZED_AUTOS = YES_AGGRESSIVE;
				GCC_WARN_UNUSED_FUNCTION = YES;
				GCC_WARN_UNUSED_VARIABLE = YES;
				IPHONEOS_DEPLOYMENT_TARGET = 10.1;
				MTL_ENABLE_DEBUG_INFO = YES;
				ONLY_ACTIVE_ARCH = YES;
				SDKROOT = iphoneos;
			};
			name = Debug;
		};
		86BEDED01DCF855700B03DB3 /* Release */ = {
			isa = XCBuildConfiguration;
			buildSettings = {
				ALWAYS_SEARCH_USER_PATHS = NO;
				CLANG_ANALYZER_NONNULL = YES;
				CLANG_CXX_LANGUAGE_STANDARD = "gnu++0x";
				CLANG_CXX_LIBRARY = "libc++";
				CLANG_ENABLE_MODULES = YES;
				CLANG_ENABLE_OBJC_ARC = YES;
				CLANG_WARN_BOOL_CONVERSION = YES;
				CLANG_WARN_CONSTANT_CONVERSION = YES;
				CLANG_WARN_DIRECT_OBJC_ISA_USAGE = YES_ERROR;
				CLANG_WARN_DOCUMENTATION_COMMENTS = YES;
				CLANG_WARN_EMPTY_BODY = YES;
				CLANG_WARN_ENUM_CONVERSION = YES;
				CLANG_WARN_INFINITE_RECURSION = YES;
				CLANG_WARN_INT_CONVERSION = YES;
				CLANG_WARN_OBJC_ROOT_CLASS = YES_ERROR;
				CLANG_WARN_SUSPICIOUS_MOVE = YES;
				CLANG_WARN_SUSPICIOUS_MOVES = YES;
				CLANG_WARN_UNREACHABLE_CODE = YES;
				CLANG_WARN__DUPLICATE_METHOD_MATCH = YES;
				"CODE_SIGN_IDENTITY[sdk=iphoneos*]" = "iPhone Developer";
				COPY_PHASE_STRIP = NO;
				DEBUG_INFORMATION_FORMAT = "dwarf-with-dsym";
				ENABLE_NS_ASSERTIONS = NO;
				ENABLE_STRICT_OBJC_MSGSEND = YES;
				GCC_C_LANGUAGE_STANDARD = gnu99;
				GCC_NO_COMMON_BLOCKS = YES;
				GCC_WARN_64_TO_32_BIT_CONVERSION = YES;
				GCC_WARN_ABOUT_RETURN_TYPE = YES_ERROR;
				GCC_WARN_UNDECLARED_SELECTOR = YES;
				GCC_WARN_UNINITIALIZED_AUTOS = YES_AGGRESSIVE;
				GCC_WARN_UNUSED_FUNCTION = YES;
				GCC_WARN_UNUSED_VARIABLE = YES;
				IPHONEOS_DEPLOYMENT_TARGET = 10.1;
				MTL_ENABLE_DEBUG_INFO = NO;
				SDKROOT = iphoneos;
				VALIDATE_PRODUCT = YES;
			};
			name = Release;
		};
		86BEDED21DCF855700B03DB3 /* Debug */ = {
			isa = XCBuildConfiguration;
			baseConfigurationReference = 4561D4EB038CBD73A38725BB /* Pods-FMDBDemo.debug.xcconfig */;
			buildSettings = {
				ASSETCATALOG_COMPILER_APPICON_NAME = AppIcon;
				DEVELOPMENT_TEAM = 57EP4P69NV;
				INFOPLIST_FILE = FMDBDemo/Info.plist;
				IPHONEOS_DEPLOYMENT_TARGET = 10.0;
				LD_RUNPATH_SEARCH_PATHS = "$(inherited) @executable_path/Frameworks";
				PRODUCT_BUNDLE_IDENTIFIER = com.qiuncheng.FMDBDemo;
				PRODUCT_NAME = "$(TARGET_NAME)";
			};
			name = Debug;
		};
		86BEDED31DCF855700B03DB3 /* Release */ = {
			isa = XCBuildConfiguration;
			baseConfigurationReference = 61929BA32EC6D2C028150C94 /* Pods-FMDBDemo.release.xcconfig */;
			buildSettings = {
				ASSETCATALOG_COMPILER_APPICON_NAME = AppIcon;
				DEVELOPMENT_TEAM = 57EP4P69NV;
				INFOPLIST_FILE = FMDBDemo/Info.plist;
				IPHONEOS_DEPLOYMENT_TARGET = 10.0;
				LD_RUNPATH_SEARCH_PATHS = "$(inherited) @executable_path/Frameworks";
				PRODUCT_BUNDLE_IDENTIFIER = com.qiuncheng.FMDBDemo;
				PRODUCT_NAME = "$(TARGET_NAME)";
			};
			name = Release;
		};
/* End XCBuildConfiguration section */

/* Begin XCConfigurationList section */
		86BEDEB51DCF855600B03DB3 /* Build configuration list for PBXProject "FMDBDemo" */ = {
			isa = XCConfigurationList;
			buildConfigurations = (
				86BEDECF1DCF855700B03DB3 /* Debug */,
				86BEDED01DCF855700B03DB3 /* Release */,
			);
			defaultConfigurationIsVisible = 0;
			defaultConfigurationName = Release;
		};
		86BEDED11DCF855700B03DB3 /* Build configuration list for PBXNativeTarget "FMDBDemo" */ = {
			isa = XCConfigurationList;
			buildConfigurations = (
				86BEDED21DCF855700B03DB3 /* Debug */,
				86BEDED31DCF855700B03DB3 /* Release */,
			);
			defaultConfigurationIsVisible = 0;
			defaultConfigurationName = Release;
		};
/* End XCConfigurationList section */
	};
	rootObject = 86BEDEB21DCF855600B03DB3 /* Project object */;
}
