// !$*UTF8*$!
{
	archiveVersion = 1;
	classes = {
	};
	objectVersion = 46;
	objects = {

/* Begin PBXBuildFile section */
		3FAF8B1A1E9D3EBF00375E69 /* SearchResultViewController.swift in Sources */ = {isa = PBXBuildFile; fileRef = 3FAF8B191E9D3EBF00375E69 /* SearchResultViewController.swift */; };
		3FAF8B1D1E9D3F6D00375E69 /* ShowSearchBarViewController.swift in Sources */ = {isa = PBXBuildFile; fileRef = 3FAF8B1C1E9D3F6D00375E69 /* ShowSearchBarViewController.swift */; };
		3FE49D961EA1099D001B10FD /* UIView+VS.m in Sources */ = {isa = PBXBuildFile; fileRef = 3FE49D951EA1099D001B10FD /* UIView+VS.m */; };
		3FE624201E9C8ECA00C692BE /* AppDelegate.swift in Sources */ = {isa = PBXBuildFile; fileRef = 3FE6241F1E9C8ECA00C692BE /* AppDelegate.swift */; };
		3FE624221E9C8ECA00C692BE /* ViewController.swift in Sources */ = {isa = PBXBuildFile; fileRef = 3FE624211E9C8ECA00C692BE /* ViewController.swift */; };
		3FE624251E9C8ECA00C692BE /* Main.storyboard in Resources */ = {isa = PBXBuildFile; fileRef = 3FE624231E9C8ECA00C692BE /* Main.storyboard */; };
		3FE624271E9C8ECA00C692BE /* Assets.xcassets in Resources */ = {isa = PBXBuildFile; fileRef = 3FE624261E9C8ECA00C692BE /* Assets.xcassets */; };
		3FE6242A1E9C8ECA00C692BE /* LaunchScreen.storyboard in Resources */ = {isa = PBXBuildFile; fileRef = 3FE624281E9C8ECA00C692BE /* LaunchScreen.storyboard */; };
		3FE624351E9C8ECA00C692BE /* SearchBarTests.swift in Sources */ = {isa = PBXBuildFile; fileRef = 3FE624341E9C8ECA00C692BE /* SearchBarTests.swift */; };
		3FE624401E9C8ECA00C692BE /* SearchBarUITests.swift in Sources */ = {isa = PBXBuildFile; fileRef = 3FE6243F1E9C8ECA00C692BE /* SearchBarUITests.swift */; };
		3FE624501E9C8F1800C692BE /* SearchBaseViewController.swift in Sources */ = {isa = PBXBuildFile; fileRef = 3FE6244F1E9C8F1800C692BE /* SearchBaseViewController.swift */; };
		3FE624521E9C909100C692BE /* countries.txt in Resources */ = {isa = PBXBuildFile; fileRef = 3FE624511E9C909100C692BE /* countries.txt */; };
/* End PBXBuildFile section */

/* Begin PBXContainerItemProxy section */
		3FE624311E9C8ECA00C692BE /* PBXContainerItemProxy */ = {
			isa = PBXContainerItemProxy;
			containerPortal = 3FE624141E9C8ECA00C692BE /* Project object */;
			proxyType = 1;
			remoteGlobalIDString = 3FE6241B1E9C8ECA00C692BE;
			remoteInfo = SearchBar;
		};
		3FE6243C1E9C8ECA00C692BE /* PBXContainerItemProxy */ = {
			isa = PBXContainerItemProxy;
			containerPortal = 3FE624141E9C8ECA00C692BE /* Project object */;
			proxyType = 1;
			remoteGlobalIDString = 3FE6241B1E9C8ECA00C692BE;
			remoteInfo = SearchBar;
		};
/* End PBXContainerItemProxy section */

/* Begin PBXFileReference section */
		3FAF8B191E9D3EBF00375E69 /* SearchResultViewController.swift */ = {isa = PBXFileReference; fileEncoding = 4; lastKnownFileType = sourcecode.swift; path = SearchResultViewController.swift; sourceTree = "<group>"; };
		3FAF8B1C1E9D3F6D00375E69 /* ShowSearchBarViewController.swift */ = {isa = PBXFileReference; fileEncoding = 4; lastKnownFileType = sourcecode.swift; path = ShowSearchBarViewController.swift; sourceTree = "<group>"; };
		3FE49D931EA1099D001B10FD /* SearchBar-Bridging-Header.h */ = {isa = PBXFileReference; lastKnownFileType = sourcecode.c.h; path = "SearchBar-Bridging-Header.h"; sourceTree = "<group>"; };
		3FE49D941EA1099D001B10FD /* UIView+VS.h */ = {isa = PBXFileReference; fileEncoding = 4; lastKnownFileType = sourcecode.c.h; path = "UIView+VS.h"; sourceTree = "<group>"; };
		3FE49D951EA1099D001B10FD /* UIView+VS.m */ = {isa = PBXFileReference; fileEncoding = 4; lastKnownFileType = sourcecode.c.objc; path = "UIView+VS.m"; sourceTree = "<group>"; };
		3FE6241C1E9C8ECA00C692BE /* SearchBar.app */ = {isa = PBXFileReference; explicitFileType = wrapper.application; includeInIndex = 0; path = SearchBar.app; sourceTree = BUILT_PRODUCTS_DIR; };
		3FE6241F1E9C8ECA00C692BE /* AppDelegate.swift */ = {isa = PBXFileReference; lastKnownFileType = sourcecode.swift; path = AppDelegate.swift; sourceTree = "<group>"; };
		3FE624211E9C8ECA00C692BE /* ViewController.swift */ = {isa = PBXFileReference; lastKnownFileType = sourcecode.swift; path = ViewController.swift; sourceTree = "<group>"; };
		3FE624241E9C8ECA00C692BE /* Base */ = {isa = PBXFileReference; lastKnownFileType = file.storyboard; name = Base; path = Base.lproj/Main.storyboard; sourceTree = "<group>"; };
		3FE624261E9C8ECA00C692BE /* Assets.xcassets */ = {isa = PBXFileReference; lastKnownFileType = folder.assetcatalog; path = Assets.xcassets; sourceTree = "<group>"; };
		3FE624291E9C8ECA00C692BE /* Base */ = {isa = PBXFileReference; lastKnownFileType = file.storyboard; name = Base; path = Base.lproj/LaunchScreen.storyboard; sourceTree = "<group>"; };
		3FE6242B1E9C8ECA00C692BE /* Info.plist */ = {isa = PBXFileReference; lastKnownFileType = text.plist.xml; path = Info.plist; sourceTree = "<group>"; };
		3FE624301E9C8ECA00C692BE /* SearchBarTests.xctest */ = {isa = PBXFileReference; explicitFileType = wrapper.cfbundle; includeInIndex = 0; path = SearchBarTests.xctest; sourceTree = BUILT_PRODUCTS_DIR; };
		3FE624341E9C8ECA00C692BE /* SearchBarTests.swift */ = {isa = PBXFileReference; lastKnownFileType = sourcecode.swift; path = SearchBarTests.swift; sourceTree = "<group>"; };
		3FE624361E9C8ECA00C692BE /* Info.plist */ = {isa = PBXFileReference; lastKnownFileType = text.plist.xml; path = Info.plist; sourceTree = "<group>"; };
		3FE6243B1E9C8ECA00C692BE /* SearchBarUITests.xctest */ = {isa = PBXFileReference; explicitFileType = wrapper.cfbundle; includeInIndex = 0; path = SearchBarUITests.xctest; sourceTree = BUILT_PRODUCTS_DIR; };
		3FE6243F1E9C8ECA00C692BE /* SearchBarUITests.swift */ = {isa = PBXFileReference; lastKnownFileType = sourcecode.swift; path = SearchBarUITests.swift; sourceTree = "<group>"; };
		3FE624411E9C8ECA00C692BE /* Info.plist */ = {isa = PBXFileReference; lastKnownFileType = text.plist.xml; path = Info.plist; sourceTree = "<group>"; };
		3FE6244F1E9C8F1800C692BE /* SearchBaseViewController.swift */ = {isa = PBXFileReference; fileEncoding = 4; lastKnownFileType = sourcecode.swift; path = SearchBaseViewController.swift; sourceTree = "<group>"; };
		3FE624511E9C909100C692BE /* countries.txt */ = {isa = PBXFileReference; fileEncoding = 4; lastKnownFileType = text; path = countries.txt; sourceTree = "<group>"; };
/* End PBXFileReference section */

/* Begin PBXFrameworksBuildPhase section */
		3FE624191E9C8ECA00C692BE /* Frameworks */ = {
			isa = PBXFrameworksBuildPhase;
			buildActionMask = 2147483647;
			files = (
			);
			runOnlyForDeploymentPostprocessing = 0;
		};
		3FE6242D1E9C8ECA00C692BE /* Frameworks */ = {
			isa = PBXFrameworksBuildPhase;
			buildActionMask = 2147483647;
			files = (
			);
			runOnlyForDeploymentPostprocessing = 0;
		};
		3FE624381E9C8ECA00C692BE /* Frameworks */ = {
			isa = PBXFrameworksBuildPhase;
			buildActionMask = 2147483647;
			files = (
			);
			runOnlyForDeploymentPostprocessing = 0;
		};
/* End PBXFrameworksBuildPhase section */

/* Begin PBXGroup section */
		3FAF8B1B1E9D3F4A00375E69 /* SearchBar */ = {
			isa = PBXGroup;
			children = (
				3FAF8B1C1E9D3F6D00375E69 /* ShowSearchBarViewController.swift */,
			);
			name = SearchBar;
			sourceTree = "<group>";
		};
		3FE624131E9C8ECA00C692BE = {
			isa = PBXGroup;
			children = (
				3FE6241E1E9C8ECA00C692BE /* SearchBar */,
				3FE624331E9C8ECA00C692BE /* SearchBarTests */,
				3FE6243E1E9C8ECA00C692BE /* SearchBarUITests */,
				3FE6241D1E9C8ECA00C692BE /* Products */,
			);
			sourceTree = "<group>";
		};
		3FE6241D1E9C8ECA00C692BE /* Products */ = {
			isa = PBXGroup;
			children = (
				3FE6241C1E9C8ECA00C692BE /* SearchBar.app */,
				3FE624301E9C8ECA00C692BE /* SearchBarTests.xctest */,
				3FE6243B1E9C8ECA00C692BE /* SearchBarUITests.xctest */,
			);
			name = Products;
			sourceTree = "<group>";
		};
		3FE6241E1E9C8ECA00C692BE /* SearchBar */ = {
			isa = PBXGroup;
			children = (
				3FAF8B1B1E9D3F4A00375E69 /* SearchBar */,
				3FE6244E1E9C8EF200C692BE /* Root */,
				3FE6244D1E9C8EE900C692BE /* Results */,
				3FE6241F1E9C8ECA00C692BE /* AppDelegate.swift */,
				3FE49D941EA1099D001B10FD /* UIView+VS.h */,
				3FE49D951EA1099D001B10FD /* UIView+VS.m */,
				3FE624211E9C8ECA00C692BE /* ViewController.swift */,
				3FE624231E9C8ECA00C692BE /* Main.storyboard */,
				3FE624531E9C909800C692BE /* Support files */,
				3FE49D931EA1099D001B10FD /* SearchBar-Bridging-Header.h */,
			);
			path = SearchBar;
			sourceTree = "<group>";
		};
		3FE624331E9C8ECA00C692BE /* SearchBarTests */ = {
			isa = PBXGroup;
			children = (
				3FE624341E9C8ECA00C692BE /* SearchBarTests.swift */,
				3FE624361E9C8ECA00C692BE /* Info.plist */,
			);
			path = SearchBarTests;
			sourceTree = "<group>";
		};
		3FE6243E1E9C8ECA00C692BE /* SearchBarUITests */ = {
			isa = PBXGroup;
			children = (
				3FE6243F1E9C8ECA00C692BE /* SearchBarUITests.swift */,
				3FE624411E9C8ECA00C692BE /* Info.plist */,
			);
			path = SearchBarUITests;
			sourceTree = "<group>";
		};
		3FE6244D1E9C8EE900C692BE /* Results */ = {
			isa = PBXGroup;
			children = (
				3FAF8B191E9D3EBF00375E69 /* SearchResultViewController.swift */,
			);
			name = Results;
			sourceTree = "<group>";
		};
		3FE6244E1E9C8EF200C692BE /* Root */ = {
			isa = PBXGroup;
			children = (
				3FE6244F1E9C8F1800C692BE /* SearchBaseViewController.swift */,
			);
			name = Root;
			sourceTree = "<group>";
		};
		3FE624531E9C909800C692BE /* Support files */ = {
			isa = PBXGroup;
			children = (
				3FE624261E9C8ECA00C692BE /* Assets.xcassets */,
				3FE624281E9C8ECA00C692BE /* LaunchScreen.storyboard */,
				3FE6242B1E9C8ECA00C692BE /* Info.plist */,
				3FE624511E9C909100C692BE /* countries.txt */,
			);
			name = "Support files";
			sourceTree = "<group>";
		};
/* End PBXGroup section */

/* Begin PBXNativeTarget section */
		3FE6241B1E9C8ECA00C692BE /* SearchBar */ = {
			isa = PBXNativeTarget;
			buildConfigurationList = 3FE624441E9C8ECA00C692BE /* Build configuration list for PBXNativeTarget "SearchBar" */;
			buildPhases = (
				3FE624181E9C8ECA00C692BE /* Sources */,
				3FE624191E9C8ECA00C692BE /* Frameworks */,
				3FE6241A1E9C8ECA00C692BE /* Resources */,
			);
			buildRules = (
			);
			dependencies = (
			);
			name = SearchBar;
			productName = SearchBar;
			productReference = 3FE6241C1E9C8ECA00C692BE /* SearchBar.app */;
			productType = "com.apple.product-type.application";
		};
		3FE6242F1E9C8ECA00C692BE /* SearchBarTests */ = {
			isa = PBXNativeTarget;
			buildConfigurationList = 3FE624471E9C8ECA00C692BE /* Build configuration list for PBXNativeTarget "SearchBarTests" */;
			buildPhases = (
				3FE6242C1E9C8ECA00C692BE /* Sources */,
				3FE6242D1E9C8ECA00C692BE /* Frameworks */,
				3FE6242E1E9C8ECA00C692BE /* Resources */,
			);
			buildRules = (
			);
			dependencies = (
				3FE624321E9C8ECA00C692BE /* PBXTargetDependency */,
			);
			name = SearchBarTests;
			productName = SearchBarTests;
			productReference = 3FE624301E9C8ECA00C692BE /* SearchBarTests.xctest */;
			productType = "com.apple.product-type.bundle.unit-test";
		};
		3FE6243A1E9C8ECA00C692BE /* SearchBarUITests */ = {
			isa = PBXNativeTarget;
			buildConfigurationList = 3FE6244A1E9C8ECA00C692BE /* Build configuration list for PBXNativeTarget "SearchBarUITests" */;
			buildPhases = (
				3FE624371E9C8ECA00C692BE /* Sources */,
				3FE624381E9C8ECA00C692BE /* Frameworks */,
				3FE624391E9C8ECA00C692BE /* Resources */,
			);
			buildRules = (
			);
			dependencies = (
				3FE6243D1E9C8ECA00C692BE /* PBXTargetDependency */,
			);
			name = SearchBarUITests;
			productName = SearchBarUITests;
			productReference = 3FE6243B1E9C8ECA00C692BE /* SearchBarUITests.xctest */;
			productType = "com.apple.product-type.bundle.ui-testing";
		};
/* End PBXNativeTarget section */

/* Begin PBXProject section */
		3FE624141E9C8ECA00C692BE /* Project object */ = {
			isa = PBXProject;
			attributes = {
				LastSwiftUpdateCheck = 0830;
				LastUpgradeCheck = 0830;
				ORGANIZATIONNAME = "Qiun Cheng";
				TargetAttributes = {
					3FE6241B1E9C8ECA00C692BE = {
						CreatedOnToolsVersion = 8.3.1;
						LastSwiftMigration = 0830;
						ProvisioningStyle = Automatic;
					};
					3FE6242F1E9C8ECA00C692BE = {
						CreatedOnToolsVersion = 8.3.1;
						ProvisioningStyle = Automatic;
						TestTargetID = 3FE6241B1E9C8ECA00C692BE;
					};
					3FE6243A1E9C8ECA00C692BE = {
						CreatedOnToolsVersion = 8.3.1;
						ProvisioningStyle = Automatic;
						TestTargetID = 3FE6241B1E9C8ECA00C692BE;
					};
				};
			};
			buildConfigurationList = 3FE624171E9C8ECA00C692BE /* Build configuration list for PBXProject "SearchBar" */;
			compatibilityVersion = "Xcode 3.2";
			developmentRegion = English;
			hasScannedForEncodings = 0;
			knownRegions = (
				en,
				Base,
			);
			mainGroup = 3FE624131E9C8ECA00C692BE;
			productRefGroup = 3FE6241D1E9C8ECA00C692BE /* Products */;
			projectDirPath = "";
			projectRoot = "";
			targets = (
				3FE6241B1E9C8ECA00C692BE /* SearchBar */,
				3FE6242F1E9C8ECA00C692BE /* SearchBarTests */,
				3FE6243A1E9C8ECA00C692BE /* SearchBarUITests */,
			);
		};
/* End PBXProject section */

/* Begin PBXResourcesBuildPhase section */
		3FE6241A1E9C8ECA00C692BE /* Resources */ = {
			isa = PBXResourcesBuildPhase;
			buildActionMask = 2147483647;
			files = (
				3FE6242A1E9C8ECA00C692BE /* LaunchScreen.storyboard in Resources */,
				3FE624271E9C8ECA00C692BE /* Assets.xcassets in Resources */,
				3FE624251E9C8ECA00C692BE /* Main.storyboard in Resources */,
				3FE624521E9C909100C692BE /* countries.txt in Resources */,
			);
			runOnlyForDeploymentPostprocessing = 0;
		};
		3FE6242E1E9C8ECA00C692BE /* Resources */ = {
			isa = PBXResourcesBuildPhase;
			buildActionMask = 2147483647;
			files = (
			);
			runOnlyForDeploymentPostprocessing = 0;
		};
		3FE624391E9C8ECA00C692BE /* Resources */ = {
			isa = PBXResourcesBuildPhase;
			buildActionMask = 2147483647;
			files = (
			);
			runOnlyForDeploymentPostprocessing = 0;
		};
/* End PBXResourcesBuildPhase section */

/* Begin PBXSourcesBuildPhase section */
		3FE624181E9C8ECA00C692BE /* Sources */ = {
			isa = PBXSourcesBuildPhase;
			buildActionMask = 2147483647;
			files = (
				3FE624501E9C8F1800C692BE /* SearchBaseViewController.swift in Sources */,
				3FE49D961EA1099D001B10FD /* UIView+VS.m in Sources */,
				3FE624221E9C8ECA00C692BE /* ViewController.swift in Sources */,
				3FAF8B1D1E9D3F6D00375E69 /* ShowSearchBarViewController.swift in Sources */,
				3FAF8B1A1E9D3EBF00375E69 /* SearchResultViewController.swift in Sources */,
				3FE624201E9C8ECA00C692BE /* AppDelegate.swift in Sources */,
			);
			runOnlyForDeploymentPostprocessing = 0;
		};
		3FE6242C1E9C8ECA00C692BE /* Sources */ = {
			isa = PBXSourcesBuildPhase;
			buildActionMask = 2147483647;
			files = (
				3FE624351E9C8ECA00C692BE /* SearchBarTests.swift in Sources */,
			);
			runOnlyForDeploymentPostprocessing = 0;
		};
		3FE624371E9C8ECA00C692BE /* Sources */ = {
			isa = PBXSourcesBuildPhase;
			buildActionMask = 2147483647;
			files = (
				3FE624401E9C8ECA00C692BE /* SearchBarUITests.swift in Sources */,
			);
			runOnlyForDeploymentPostprocessing = 0;
		};
/* End PBXSourcesBuildPhase section */

/* Begin PBXTargetDependency section */
		3FE624321E9C8ECA00C692BE /* PBXTargetDependency */ = {
			isa = PBXTargetDependency;
			target = 3FE6241B1E9C8ECA00C692BE /* SearchBar */;
			targetProxy = 3FE624311E9C8ECA00C692BE /* PBXContainerItemProxy */;
		};
		3FE6243D1E9C8ECA00C692BE /* PBXTargetDependency */ = {
			isa = PBXTargetDependency;
			target = 3FE6241B1E9C8ECA00C692BE /* SearchBar */;
			targetProxy = 3FE6243C1E9C8ECA00C692BE /* PBXContainerItemProxy */;
		};
/* End PBXTargetDependency section */

/* Begin PBXVariantGroup section */
		3FE624231E9C8ECA00C692BE /* Main.storyboard */ = {
			isa = PBXVariantGroup;
			children = (
				3FE624241E9C8ECA00C692BE /* Base */,
			);
			name = Main.storyboard;
			sourceTree = "<group>";
		};
		3FE624281E9C8ECA00C692BE /* LaunchScreen.storyboard */ = {
			isa = PBXVariantGroup;
			children = (
				3FE624291E9C8ECA00C692BE /* Base */,
			);
			name = LaunchScreen.storyboard;
			sourceTree = "<group>";
		};
/* End PBXVariantGroup section */

/* Begin XCBuildConfiguration section */
		3FE624421E9C8ECA00C692BE /* Debug */ = {
			isa = XCBuildConfiguration;
			buildSettings = {
				ALWAYS_SEARCH_USER_PATHS = NO;
				CLANG_ANALYZER_NONNULL = YES;
				CLANG_ANALYZER_NUMBER_OBJECT_CONVERSION = YES_AGGRESSIVE;
				CLANG_CXX_LANGUAGE_STANDARD = "gnu++0x";
				CLANG_CXX_LIBRARY = "libc++";
				CLANG_ENABLE_MODULES = YES;
				CLANG_ENABLE_OBJC_ARC = YES;
				CLANG_WARN_BOOL_CONVERSION = YES;
				CLANG_WARN_CONSTANT_CONVERSION = YES;
				CLANG_WARN_DIRECT_OBJC_ISA_USAGE = YES_ERROR;
				CLANG_WARN_DOCUMENTATION_COMMENTS = YES;
				CLANG_WARN_EMPTY_BODY = YES;
				CLANG_WARN_ENUM_CONVERSION = YES;
				CLANG_WARN_INFINITE_RECURSION = YES;
				CLANG_WARN_INT_CONVERSION = YES;
				CLANG_WARN_OBJC_ROOT_CLASS = YES_ERROR;
				CLANG_WARN_SUSPICIOUS_MOVE = YES;
				CLANG_WARN_UNREACHABLE_CODE = YES;
				CLANG_WARN__DUPLICATE_METHOD_MATCH = YES;
				"CODE_SIGN_IDENTITY[sdk=iphoneos*]" = "iPhone Developer";
				COPY_PHASE_STRIP = NO;
				DEBUG_INFORMATION_FORMAT = dwarf;
				ENABLE_STRICT_OBJC_MSGSEND = YES;
				ENABLE_TESTABILITY = YES;
				GCC_C_LANGUAGE_STANDARD = gnu99;
				GCC_DYNAMIC_NO_PIC = NO;
				GCC_NO_COMMON_BLOCKS = YES;
				GCC_OPTIMIZATION_LEVEL = 0;
				GCC_PREPROCESSOR_DEFINITIONS = (
					"DEBUG=1",
					"$(inherited)",
				);
				GCC_WARN_64_TO_32_BIT_CONVERSION = YES;
				GCC_WARN_ABOUT_RETURN_TYPE = YES_ERROR;
				GCC_WARN_UNDECLARED_SELECTOR = YES;
				GCC_WARN_UNINITIALIZED_AUTOS = YES_AGGRESSIVE;
				GCC_WARN_UNUSED_FUNCTION = YES;
				GCC_WARN_UNUSED_VARIABLE = YES;
				IPHONEOS_DEPLOYMENT_TARGET = 10.3;
				MTL_ENABLE_DEBUG_INFO = YES;
				ONLY_ACTIVE_ARCH = YES;
				SDKROOT = iphoneos;
				SWIFT_ACTIVE_COMPILATION_CONDITIONS = DEBUG;
				SWIFT_OPTIMIZATION_LEVEL = "-Onone";
			};
			name = Debug;
		};
		3FE624431E9C8ECA00C692BE /* Release */ = {
			isa = XCBuildConfiguration;
			buildSettings = {
				ALWAYS_SEARCH_USER_PATHS = NO;
				CLANG_ANALYZER_NONNULL = YES;
				CLANG_ANALYZER_NUMBER_OBJECT_CONVERSION = YES_AGGRESSIVE;
				CLANG_CXX_LANGUAGE_STANDARD = "gnu++0x";
				CLANG_CXX_LIBRARY = "libc++";
				CLANG_ENABLE_MODULES = YES;
				CLANG_ENABLE_OBJC_ARC = YES;
				CLANG_WARN_BOOL_CONVERSION = YES;
				CLANG_WARN_CONSTANT_CONVERSION = YES;
				CLANG_WARN_DIRECT_OBJC_ISA_USAGE = YES_ERROR;
				CLANG_WARN_DOCUMENTATION_COMMENTS = YES;
				CLANG_WARN_EMPTY_BODY = YES;
				CLANG_WARN_ENUM_CONVERSION = YES;
				CLANG_WARN_INFINITE_RECURSION = YES;
				CLANG_WARN_INT_CONVERSION = YES;
				CLANG_WARN_OBJC_ROOT_CLASS = YES_ERROR;
				CLANG_WARN_SUSPICIOUS_MOVE = YES;
				CLANG_WARN_UNREACHABLE_CODE = YES;
				CLANG_WARN__DUPLICATE_METHOD_MATCH = YES;
				"CODE_SIGN_IDENTITY[sdk=iphoneos*]" = "iPhone Developer";
				COPY_PHASE_STRIP = NO;
				DEBUG_INFORMATION_FORMAT = "dwarf-with-dsym";
				ENABLE_NS_ASSERTIONS = NO;
				ENABLE_STRICT_OBJC_MSGSEND = YES;
				GCC_C_LANGUAGE_STANDARD = gnu99;
				GCC_NO_COMMON_BLOCKS = YES;
				GCC_WARN_64_TO_32_BIT_CONVERSION = YES;
				GCC_WARN_ABOUT_RETURN_TYPE = YES_ERROR;
				GCC_WARN_UNDECLARED_SELECTOR = YES;
				GCC_WARN_UNINITIALIZED_AUTOS = YES_AGGRESSIVE;
				GCC_WARN_UNUSED_FUNCTION = YES;
				GCC_WARN_UNUSED_VARIABLE = YES;
				IPHONEOS_DEPLOYMENT_TARGET = 10.3;
				MTL_ENABLE_DEBUG_INFO = NO;
				SDKROOT = iphoneos;
				SWIFT_OPTIMIZATION_LEVEL = "-Owholemodule";
				VALIDATE_PRODUCT = YES;
			};
			name = Release;
		};
		3FE624451E9C8ECA00C692BE /* Debug */ = {
			isa = XCBuildConfiguration;
			buildSettings = {
				ASSETCATALOG_COMPILER_APPICON_NAME = AppIcon;
				CLANG_ENABLE_MODULES = YES;
				INFOPLIST_FILE = SearchBar/Info.plist;
				IPHONEOS_DEPLOYMENT_TARGET = 8.0;
				LD_RUNPATH_SEARCH_PATHS = "$(inherited) @executable_path/Frameworks";
				PRODUCT_BUNDLE_IDENTIFIER = com.vsccw.SearchBar;
				PRODUCT_NAME = "$(TARGET_NAME)";
				SWIFT_OBJC_BRIDGING_HEADER = "SearchBar/SearchBar-Bridging-Header.h";
				SWIFT_OPTIMIZATION_LEVEL = "-Onone";
				SWIFT_VERSION = 3.0;
			};
			name = Debug;
		};
		3FE624461E9C8ECA00C692BE /* Release */ = {
			isa = XCBuildConfiguration;
			buildSettings = {
				ASSETCATALOG_COMPILER_APPICON_NAME = AppIcon;
				CLANG_ENABLE_MODULES = YES;
				INFOPLIST_FILE = SearchBar/Info.plist;
				IPHONEOS_DEPLOYMENT_TARGET = 8.0;
				LD_RUNPATH_SEARCH_PATHS = "$(inherited) @executable_path/Frameworks";
				PRODUCT_BUNDLE_IDENTIFIER = com.vsccw.SearchBar;
				PRODUCT_NAME = "$(TARGET_NAME)";
				SWIFT_OBJC_BRIDGING_HEADER = "SearchBar/SearchBar-Bridging-Header.h";
				SWIFT_VERSION = 3.0;
			};
			name = Release;
		};
		3FE624481E9C8ECA00C692BE /* Debug */ = {
			isa = XCBuildConfiguration;
			buildSettings = {
				ALWAYS_EMBED_SWIFT_STANDARD_LIBRARIES = YES;
				BUNDLE_LOADER = "$(TEST_HOST)";
				INFOPLIST_FILE = SearchBarTests/Info.plist;
				LD_RUNPATH_SEARCH_PATHS = "$(inherited) @executable_path/Frameworks @loader_path/Frameworks";
				PRODUCT_BUNDLE_IDENTIFIER = com.vsccw.SearchBarTests;
				PRODUCT_NAME = "$(TARGET_NAME)";
				SWIFT_VERSION = 3.0;
				TEST_HOST = "$(BUILT_PRODUCTS_DIR)/SearchBar.app/SearchBar";
			};
			name = Debug;
		};
		3FE624491E9C8ECA00C692BE /* Release */ = {
			isa = XCBuildConfiguration;
			buildSettings = {
				ALWAYS_EMBED_SWIFT_STANDARD_LIBRARIES = YES;
				BUNDLE_LOADER = "$(TEST_HOST)";
				INFOPLIST_FILE = SearchBarTests/Info.plist;
				LD_RUNPATH_SEARCH_PATHS = "$(inherited) @executable_path/Frameworks @loader_path/Frameworks";
				PRODUCT_BUNDLE_IDENTIFIER = com.vsccw.SearchBarTests;
				PRODUCT_NAME = "$(TARGET_NAME)";
				SWIFT_VERSION = 3.0;
				TEST_HOST = "$(BUILT_PRODUCTS_DIR)/SearchBar.app/SearchBar";
			};
			name = Release;
		};
		3FE6244B1E9C8ECA00C692BE /* Debug */ = {
			isa = XCBuildConfiguration;
			buildSettings = {
				ALWAYS_EMBED_SWIFT_STANDARD_LIBRARIES = YES;
				INFOPLIST_FILE = SearchBarUITests/Info.plist;
				LD_RUNPATH_SEARCH_PATHS = "$(inherited) @executable_path/Frameworks @loader_path/Frameworks";
				PRODUCT_BUNDLE_IDENTIFIER = com.vsccw.SearchBarUITests;
				PRODUCT_NAME = "$(TARGET_NAME)";
				SWIFT_VERSION = 3.0;
				TEST_TARGET_NAME = SearchBar;
			};
			name = Debug;
		};
		3FE6244C1E9C8ECA00C692BE /* Release */ = {
			isa = XCBuildConfiguration;
			buildSettings = {
				ALWAYS_EMBED_SWIFT_STANDARD_LIBRARIES = YES;
				INFOPLIST_FILE = SearchBarUITests/Info.plist;
				LD_RUNPATH_SEARCH_PATHS = "$(inherited) @executable_path/Frameworks @loader_path/Frameworks";
				PRODUCT_BUNDLE_IDENTIFIER = com.vsccw.SearchBarUITests;
				PRODUCT_NAME = "$(TARGET_NAME)";
				SWIFT_VERSION = 3.0;
				TEST_TARGET_NAME = SearchBar;
			};
			name = Release;
		};
/* End XCBuildConfiguration section */

/* Begin XCConfigurationList section */
		3FE624171E9C8ECA00C692BE /* Build configuration list for PBXProject "SearchBar" */ = {
			isa = XCConfigurationList;
			buildConfigurations = (
				3FE624421E9C8ECA00C692BE /* Debug */,
				3FE624431E9C8ECA00C692BE /* Release */,
			);
			defaultConfigurationIsVisible = 0;
			defaultConfigurationName = Release;
		};
		3FE624441E9C8ECA00C692BE /* Build configuration list for PBXNativeTarget "SearchBar" */ = {
			isa = XCConfigurationList;
			buildConfigurations = (
				3FE624451E9C8ECA00C692BE /* Debug */,
				3FE624461E9C8ECA00C692BE /* Release */,
			);
			defaultConfigurationIsVisible = 0;
			defaultConfigurationName = Release;
		};
		3FE624471E9C8ECA00C692BE /* Build configuration list for PBXNativeTarget "SearchBarTests" */ = {
			isa = XCConfigurationList;
			buildConfigurations = (
				3FE624481E9C8ECA00C692BE /* Debug */,
				3FE624491E9C8ECA00C692BE /* Release */,
			);
			defaultConfigurationIsVisible = 0;
			defaultConfigurationName = Release;
		};
		3FE6244A1E9C8ECA00C692BE /* Build configuration list for PBXNativeTarget "SearchBarUITests" */ = {
			isa = XCConfigurationList;
			buildConfigurations = (
				3FE6244B1E9C8ECA00C692BE /* Debug */,
				3FE6244C1E9C8ECA00C692BE /* Release */,
			);
			defaultConfigurationIsVisible = 0;
			defaultConfigurationName = Release;
		};
/* End XCConfigurationList section */
	};
	rootObject = 3FE624141E9C8ECA00C692BE /* Project object */;
}
